
Microsoft Visual Studio Solution File, Format Version 12.00
# Visual Studio 14
VisualStudioVersion = 14.0.25420.1
MinimumVisualStudioVersion = 10.0.40219.1
Project("{2150E333-8FDC-42A3-9474-1A3956D46DE8}") = "DoubanFM.Desktop.Tests", "DoubanFM.Desktop.Tests", "{37EC7D07-3463-4892-9008-F569289F1A97}"
EndProject
Project("{2150E333-8FDC-42A3-9474-1A3956D46DE8}") = "Solution Items", "Solution Items", "{A9C8536E-29F9-412C-9F40-97792713BBB3}"
	ProjectSection(SolutionItems) = preProject
		README.md = README.md
	EndProjectSection
EndProject
Project("{2150E333-8FDC-42A3-9474-1A3956D46DE8}") = "WPF SVL", "WPF SVL", "{D9400AE4-B7A3-4342-A112-7C8FFDDB07C4}"
	ProjectSection(SolutionItems) = preProject
		WPF SVL\license.txt = WPF SVL\license.txt
		WPF SVL\WPFSoundVisualizationLib.dll = WPF SVL\WPFSoundVisualizationLib.dll
		WPF SVL\WPFSoundVisualizationLib.pdb = WPF SVL\WPFSoundVisualizationLib.pdb
	EndProjectSection
EndProject
Project("{FAE04EC0-301F-11D3-BF4B-00C04F79EFBC}") = "DoubanFM.Desktop.Shell", "DoubanFM.Desktop.Shell\DoubanFM.Desktop.Shell.csproj", "{0EE3BB7D-FAD1-40EE-B41E-87C7BB71DE45}"
EndProject
Project("{FAE04EC0-301F-11D3-BF4B-00C04F79EFBC}") = "DoubanFM.Desktop.API", "DoubanFM.Desktop.API\DoubanFM.Desktop.API.csproj", "{7DCBBB96-146A-416E-AAC8-AD32D54BE596}"
EndProject
Project("{FAE04EC0-301F-11D3-BF4B-00C04F79EFBC}") = "DoubanFM.Desktop.API.Tests", "DoubanFM.Desktop.API.Tests\DoubanFM.Desktop.API.Tests.csproj", "{C141B1A3-50AD-429E-8D37-445FA2AA9E55}"
EndProject
Project("{2150E333-8FDC-42A3-9474-1A3956D46DE8}") = "DoubanFM.Desktop", "DoubanFM.Desktop", "{5A46335B-2027-4930-B412-BC3D8445511E}"
EndProject
Project("{FAE04EC0-301F-11D3-BF4B-00C04F79EFBC}") = "DoubanFM.Desktop.Infrastructure", "DoubanFM.Desktop.Infrastructure\DoubanFM.Desktop.Infrastructure.csproj", "{FD7645B4-79F7-4F80-8BB5-D78991907DC6}"
EndProject
Project("{FAE04EC0-301F-11D3-BF4B-00C04F79EFBC}") = "DoubanFM.Desktop.Audio", "DoubanFM.Desktop.Audio\DoubanFM.Desktop.Audio.csproj", "{177660A5-401C-403B-B343-3039FD028A89}"
EndProject
Project("{FAE04EC0-301F-11D3-BF4B-00C04F79EFBC}") = "DoubanFM.Desktop.Audio.Tests", "DoubanFM.Desktop.Audio.Tests\DoubanFM.Desktop.Audio.Tests.csproj", "{5EC06B8D-EA5F-4311-A183-8CD5BB5D4E68}"
EndProject
Project("{FAE04EC0-301F-11D3-BF4B-00C04F79EFBC}") = "DoubanFM.Desktop.Interop", "DoubanFM.Desktop.Interop\DoubanFM.Desktop.Interop.csproj", "{25EF9700-0F3D-4321-9388-6215CC5FA139}"
EndProject
Project("{FAE04EC0-301F-11D3-BF4B-00C04F79EFBC}") = "DoubanFM.Desktop.DwmHelper", "DoubanFM.Desktop.DwmHelper\DoubanFM.Desktop.DwmHelper.csproj", "{E4DCDD79-A00C-43A4-9366-7A2583DCC5B8}"
EndProject
Project("{FAE04EC0-301F-11D3-BF4B-00C04F79EFBC}") = "DoubanFM.Desktop.Resource", "DoubanFM.Desktop.Resource\DoubanFM.Desktop.Resource.csproj", "{67413BEC-A0C1-4523-8F38-2FA8D787CF22}"
EndProject
Project("{2150E333-8FDC-42A3-9474-1A3956D46DE8}") = "Modules", "Modules", "{333A5489-BB60-4A3B-85E4-EC8A32981048}"
EndProject
Project("{FAE04EC0-301F-11D3-BF4B-00C04F79EFBC}") = "DoubanFM.Desktop.Channels", "DoubanFM.Desktop.Channels\DoubanFM.Desktop.Channels.csproj", "{D7165270-A7A8-4C3F-ABA6-CC127F74F4ED}"
EndProject
Project("{FAE04EC0-301F-11D3-BF4B-00C04F79EFBC}") = "DoubanFM.Desktop.NowPlaying", "DoubanFM.Desktop.NowPlaying\DoubanFM.Desktop.NowPlaying.csproj", "{2E7B28A9-F49B-494F-9E6B-1C2E69156239}"
EndProject
Project("{FAE04EC0-301F-11D3-BF4B-00C04F79EFBC}") = "DoubanFM.Desktop.Settings", "DoubanFM.Desktop.Settings\DoubanFM.Desktop.Settings.csproj", "{9A10E24D-0522-4CFD-9C14-72B3FDD26ECB}"
EndProject
Project("{FAE04EC0-301F-11D3-BF4B-00C04F79EFBC}") = "DoubanFM.Desktop.Infrastructure.Tests", "DoubanFM.Desktop.Infrastructure.Tests\DoubanFM.Desktop.Infrastructure.Tests.csproj", "{14B8525F-38AE-4C76-86FF-67641B20A116}"
EndProject
Project("{FAE04EC0-301F-11D3-BF4B-00C04F79EFBC}") = "DoubanFM.Desktop.Account", "DoubanFM.Desktop.Account\DoubanFM.Desktop.Account.csproj", "{A73E77F6-3104-48B4-94A3-00355C16411A}"
EndProject
Project("{FAE04EC0-301F-11D3-BF4B-00C04F79EFBC}") = "DoubanFM.Desktop.NowPlaying.Tests", "DoubanFM.Desktop.NowPlaying.Tests\DoubanFM.Desktop.NowPlaying.Tests.csproj", "{014DF920-27F9-41CD-BD25-86202A051C57}"
EndProject
Project("{2150E333-8FDC-42A3-9474-1A3956D46DE8}") = ".nuget", ".nuget", "{F37C628F-80F8-4D2A-BB01-AEE71BDD4DD9}"
	ProjectSection(SolutionItems) = preProject
		.nuget\NuGet.Config = .nuget\NuGet.Config
		.nuget\NuGet.exe = .nuget\NuGet.exe
		.nuget\NuGet.targets = .nuget\NuGet.targets
		.nuget\packages.config = .nuget\packages.config
	EndProjectSection
EndProject
Project("{FAE04EC0-301F-11D3-BF4B-00C04F79EFBC}") = "DoubanFM.Desktop.Search", "DoubanFM.Desktop.Search\DoubanFM.Desktop.Search.csproj", "{1A3768F2-D4CA-4ECA-89B3-EDF5C8EA752C}"
EndProject
Project("{2150E333-8FDC-42A3-9474-1A3956D46DE8}") = "screenshots", "screenshots", "{BEABBBE4-98FC-4534-9E2A-E9B86684FAC6}"
	ProjectSection(SolutionItems) = preProject
		screenshots\screenShot01.PNG = screenshots\screenShot01.PNG
		screenshots\screenShot02.PNG = screenshots\screenShot02.PNG
	EndProjectSection
EndProject
Project("{2150E333-8FDC-42A3-9474-1A3956D46DE8}") = "SampleData", "SampleData", "{54F79B5B-DD70-4FEC-A7CC-3269583CCD9B}"
	ProjectSection(SolutionItems) = preProject
		SampleData\app_channels.json = SampleData\app_channels.json
		SampleData\hot_channels.json = SampleData\hot_channels.json
		SampleData\LoginResult.json = SampleData\LoginResult.json
		SampleData\lyric.json = SampleData\lyric.json
		SampleData\playlist.json = SampleData\playlist.json
		SampleData\rec_channels.json = SampleData\rec_channels.json
		SampleData\RedHeart.json = SampleData\RedHeart.json
		SampleData\searchChannel.json = SampleData\searchChannel.json
		SampleData\SongInfo.json = SampleData\SongInfo.json
		SampleData\Songs.json = SampleData\Songs.json
		SampleData\up_trending_channels.json = SampleData\up_trending_channels.json
		SampleData\user_info.json = SampleData\user_info.json
	EndProjectSection
EndProject
Global
	GlobalSection(SolutionConfigurationPlatforms) = preSolution
		Debug|Any CPU = Debug|Any CPU
		Debug|ARM = Debug|ARM
		Debug|Mixed Platforms = Debug|Mixed Platforms
		Debug|x64 = Debug|x64
		Debug|x86 = Debug|x86
		Release|Any CPU = Release|Any CPU
		Release|ARM = Release|ARM
		Release|Mixed Platforms = Release|Mixed Platforms
		Release|x64 = Release|x64
		Release|x86 = Release|x86
		Release-Signed|Any CPU = Release-Signed|Any CPU
		Release-Signed|ARM = Release-Signed|ARM
		Release-Signed|Mixed Platforms = Release-Signed|Mixed Platforms
		Release-Signed|x64 = Release-Signed|x64
		Release-Signed|x86 = Release-Signed|x86
	EndGlobalSection
	GlobalSection(ProjectConfigurationPlatforms) = postSolution
		{0EE3BB7D-FAD1-40EE-B41E-87C7BB71DE45}.Debug|Any CPU.ActiveCfg = Debug|Any CPU
		{0EE3BB7D-FAD1-40EE-B41E-87C7BB71DE45}.Debug|Any CPU.Build.0 = Debug|Any CPU
		{0EE3BB7D-FAD1-40EE-B41E-87C7BB71DE45}.Debug|ARM.ActiveCfg = Debug|Any CPU
		{0EE3BB7D-FAD1-40EE-B41E-87C7BB71DE45}.Debug|Mixed Platforms.ActiveCfg = Debug|Any CPU
		{0EE3BB7D-FAD1-40EE-B41E-87C7BB71DE45}.Debug|Mixed Platforms.Build.0 = Debug|Any CPU
		{0EE3BB7D-FAD1-40EE-B41E-87C7BB71DE45}.Debug|x64.ActiveCfg = Debug|Any CPU
		{0EE3BB7D-FAD1-40EE-B41E-87C7BB71DE45}.Debug|x64.Build.0 = Debug|Any CPU
		{0EE3BB7D-FAD1-40EE-B41E-87C7BB71DE45}.Debug|x86.ActiveCfg = Debug|Any CPU
		{0EE3BB7D-FAD1-40EE-B41E-87C7BB71DE45}.Release|Any CPU.ActiveCfg = Release|Any CPU
		{0EE3BB7D-FAD1-40EE-B41E-87C7BB71DE45}.Release|Any CPU.Build.0 = Release|Any CPU
		{0EE3BB7D-FAD1-40EE-B41E-87C7BB71DE45}.Release|ARM.ActiveCfg = Release|Any CPU
		{0EE3BB7D-FAD1-40EE-B41E-87C7BB71DE45}.Release|Mixed Platforms.ActiveCfg = Release|Any CPU
		{0EE3BB7D-FAD1-40EE-B41E-87C7BB71DE45}.Release|Mixed Platforms.Build.0 = Release|Any CPU
		{0EE3BB7D-FAD1-40EE-B41E-87C7BB71DE45}.Release|x64.ActiveCfg = Release|Any CPU
		{0EE3BB7D-FAD1-40EE-B41E-87C7BB71DE45}.Release|x64.Build.0 = Release|Any CPU
		{0EE3BB7D-FAD1-40EE-B41E-87C7BB71DE45}.Release|x86.ActiveCfg = Release|Any CPU
		{0EE3BB7D-FAD1-40EE-B41E-87C7BB71DE45}.Release-Signed|Any CPU.ActiveCfg = Release|Any CPU
		{0EE3BB7D-FAD1-40EE-B41E-87C7BB71DE45}.Release-Signed|ARM.ActiveCfg = Release|Any CPU
		{0EE3BB7D-FAD1-40EE-B41E-87C7BB71DE45}.Release-Signed|Mixed Platforms.ActiveCfg = Release|Any CPU
		{0EE3BB7D-FAD1-40EE-B41E-87C7BB71DE45}.Release-Signed|x64.ActiveCfg = Release|Any CPU
		{0EE3BB7D-FAD1-40EE-B41E-87C7BB71DE45}.Release-Signed|x86.ActiveCfg = Release|Any CPU
		{7DCBBB96-146A-416E-AAC8-AD32D54BE596}.Debug|Any CPU.ActiveCfg = Debug|Any CPU
		{7DCBBB96-146A-416E-AAC8-AD32D54BE596}.Debug|Any CPU.Build.0 = Debug|Any CPU
		{7DCBBB96-146A-416E-AAC8-AD32D54BE596}.Debug|ARM.ActiveCfg = Debug|Any CPU
		{7DCBBB96-146A-416E-AAC8-AD32D54BE596}.Debug|Mixed Platforms.ActiveCfg = Debug|Any CPU
		{7DCBBB96-146A-416E-AAC8-AD32D54BE596}.Debug|Mixed Platforms.Build.0 = Debug|Any CPU
		{7DCBBB96-146A-416E-AAC8-AD32D54BE596}.Debug|x64.ActiveCfg = Debug|Any CPU
		{7DCBBB96-146A-416E-AAC8-AD32D54BE596}.Debug|x64.Build.0 = Debug|Any CPU
		{7DCBBB96-146A-416E-AAC8-AD32D54BE596}.Debug|x86.ActiveCfg = Debug|Any CPU
		{7DCBBB96-146A-416E-AAC8-AD32D54BE596}.Release|Any CPU.ActiveCfg = Release|Any CPU
		{7DCBBB96-146A-416E-AAC8-AD32D54BE596}.Release|Any CPU.Build.0 = Release|Any CPU
		{7DCBBB96-146A-416E-AAC8-AD32D54BE596}.Release|ARM.ActiveCfg = Release|Any CPU
		{7DCBBB96-146A-416E-AAC8-AD32D54BE596}.Release|Mixed Platforms.ActiveCfg = Release|Any CPU
		{7DCBBB96-146A-416E-AAC8-AD32D54BE596}.Release|Mixed Platforms.Build.0 = Release|Any CPU
		{7DCBBB96-146A-416E-AAC8-AD32D54BE596}.Release|x64.ActiveCfg = Release|Any CPU
		{7DCBBB96-146A-416E-AAC8-AD32D54BE596}.Release|x64.Build.0 = Release|Any CPU
		{7DCBBB96-146A-416E-AAC8-AD32D54BE596}.Release|x86.ActiveCfg = Release|Any CPU
		{7DCBBB96-146A-416E-AAC8-AD32D54BE596}.Release-Signed|Any CPU.ActiveCfg = Release|Any CPU
		{7DCBBB96-146A-416E-AAC8-AD32D54BE596}.Release-Signed|ARM.ActiveCfg = Release|Any CPU
		{7DCBBB96-146A-416E-AAC8-AD32D54BE596}.Release-Signed|Mixed Platforms.ActiveCfg = Release|Any CPU
		{7DCBBB96-146A-416E-AAC8-AD32D54BE596}.Release-Signed|x64.ActiveCfg = Release|Any CPU
		{7DCBBB96-146A-416E-AAC8-AD32D54BE596}.Release-Signed|x86.ActiveCfg = Release|Any CPU
		{C141B1A3-50AD-429E-8D37-445FA2AA9E55}.Debug|Any CPU.ActiveCfg = Debug|Any CPU
		{C141B1A3-50AD-429E-8D37-445FA2AA9E55}.Debug|Any CPU.Build.0 = Debug|Any CPU
		{C141B1A3-50AD-429E-8D37-445FA2AA9E55}.Debug|ARM.ActiveCfg = Debug|Any CPU
		{C141B1A3-50AD-429E-8D37-445FA2AA9E55}.Debug|Mixed Platforms.ActiveCfg = Debug|Any CPU
		{C141B1A3-50AD-429E-8D37-445FA2AA9E55}.Debug|Mixed Platforms.Build.0 = Debug|Any CPU
		{C141B1A3-50AD-429E-8D37-445FA2AA9E55}.Debug|x64.ActiveCfg = Debug|Any CPU
		{C141B1A3-50AD-429E-8D37-445FA2AA9E55}.Debug|x64.Build.0 = Debug|Any CPU
		{C141B1A3-50AD-429E-8D37-445FA2AA9E55}.Debug|x86.ActiveCfg = Debug|Any CPU
		{C141B1A3-50AD-429E-8D37-445FA2AA9E55}.Release|Any CPU.ActiveCfg = Release|Any CPU
		{C141B1A3-50AD-429E-8D37-445FA2AA9E55}.Release|Any CPU.Build.0 = Release|Any CPU
		{C141B1A3-50AD-429E-8D37-445FA2AA9E55}.Release|ARM.ActiveCfg = Release|Any CPU
		{C141B1A3-50AD-429E-8D37-445FA2AA9E55}.Release|Mixed Platforms.ActiveCfg = Release|Any CPU
		{C141B1A3-50AD-429E-8D37-445FA2AA9E55}.Release|Mixed Platforms.Build.0 = Release|Any CPU
		{C141B1A3-50AD-429E-8D37-445FA2AA9E55}.Release|x64.ActiveCfg = Release|Any CPU
		{C141B1A3-50AD-429E-8D37-445FA2AA9E55}.Release|x86.ActiveCfg = Release|Any CPU
		{C141B1A3-50AD-429E-8D37-445FA2AA9E55}.Release-Signed|Any CPU.ActiveCfg = Release|Any CPU
		{C141B1A3-50AD-429E-8D37-445FA2AA9E55}.Release-Signed|ARM.ActiveCfg = Release|Any CPU
		{C141B1A3-50AD-429E-8D37-445FA2AA9E55}.Release-Signed|Mixed Platforms.ActiveCfg = Release|Any CPU
		{C141B1A3-50AD-429E-8D37-445FA2AA9E55}.Release-Signed|x64.ActiveCfg = Release|Any CPU
		{C141B1A3-50AD-429E-8D37-445FA2AA9E55}.Release-Signed|x86.ActiveCfg = Release|Any CPU
		{FD7645B4-79F7-4F80-8BB5-D78991907DC6}.Debug|Any CPU.ActiveCfg = Debug|Any CPU
		{FD7645B4-79F7-4F80-8BB5-D78991907DC6}.Debug|Any CPU.Build.0 = Debug|Any CPU
		{FD7645B4-79F7-4F80-8BB5-D78991907DC6}.Debug|ARM.ActiveCfg = Debug|Any CPU
		{FD7645B4-79F7-4F80-8BB5-D78991907DC6}.Debug|Mixed Platforms.ActiveCfg = Debug|Any CPU
		{FD7645B4-79F7-4F80-8BB5-D78991907DC6}.Debug|Mixed Platforms.Build.0 = Debug|Any CPU
		{FD7645B4-79F7-4F80-8BB5-D78991907DC6}.Debug|x64.ActiveCfg = Debug|Any CPU
		{FD7645B4-79F7-4F80-8BB5-D78991907DC6}.Debug|x64.Build.0 = Debug|Any CPU
		{FD7645B4-79F7-4F80-8BB5-D78991907DC6}.Debug|x86.ActiveCfg = Debug|Any CPU
		{FD7645B4-79F7-4F80-8BB5-D78991907DC6}.Release|Any CPU.ActiveCfg = Release|Any CPU
		{FD7645B4-79F7-4F80-8BB5-D78991907DC6}.Release|Any CPU.Build.0 = Release|Any CPU
		{FD7645B4-79F7-4F80-8BB5-D78991907DC6}.Release|ARM.ActiveCfg = Release|Any CPU
		{FD7645B4-79F7-4F80-8BB5-D78991907DC6}.Release|Mixed Platforms.ActiveCfg = Release|Any CPU
		{FD7645B4-79F7-4F80-8BB5-D78991907DC6}.Release|Mixed Platforms.Build.0 = Release|Any CPU
		{FD7645B4-79F7-4F80-8BB5-D78991907DC6}.Release|x64.ActiveCfg = Release|Any CPU
		{FD7645B4-79F7-4F80-8BB5-D78991907DC6}.Release|x64.Build.0 = Release|Any CPU
		{FD7645B4-79F7-4F80-8BB5-D78991907DC6}.Release|x86.ActiveCfg = Release|Any CPU
		{FD7645B4-79F7-4F80-8BB5-D78991907DC6}.Release-Signed|Any CPU.ActiveCfg = Release|Any CPU
		{FD7645B4-79F7-4F80-8BB5-D78991907DC6}.Release-Signed|ARM.ActiveCfg = Release|Any CPU
		{FD7645B4-79F7-4F80-8BB5-D78991907DC6}.Release-Signed|Mixed Platforms.ActiveCfg = Release|Any CPU
		{FD7645B4-79F7-4F80-8BB5-D78991907DC6}.Release-Signed|x64.ActiveCfg = Release|Any CPU
		{FD7645B4-79F7-4F80-8BB5-D78991907DC6}.Release-Signed|x86.ActiveCfg = Release|Any CPU
		{177660A5-401C-403B-B343-3039FD028A89}.Debug|Any CPU.ActiveCfg = Debug|Any CPU
		{177660A5-401C-403B-B343-3039FD028A89}.Debug|Any CPU.Build.0 = Debug|Any CPU
		{177660A5-401C-403B-B343-3039FD028A89}.Debug|ARM.ActiveCfg = Debug|Any CPU
		{177660A5-401C-403B-B343-3039FD028A89}.Debug|Mixed Platforms.ActiveCfg = Debug|Any CPU
		{177660A5-401C-403B-B343-3039FD028A89}.Debug|Mixed Platforms.Build.0 = Debug|Any CPU
		{177660A5-401C-403B-B343-3039FD028A89}.Debug|x64.ActiveCfg = Debug|Any CPU
		{177660A5-401C-403B-B343-3039FD028A89}.Debug|x64.Build.0 = Debug|Any CPU
		{177660A5-401C-403B-B343-3039FD028A89}.Debug|x86.ActiveCfg = Debug|Any CPU
		{177660A5-401C-403B-B343-3039FD028A89}.Release|Any CPU.ActiveCfg = Release|Any CPU
		{177660A5-401C-403B-B343-3039FD028A89}.Release|Any CPU.Build.0 = Release|Any CPU
		{177660A5-401C-403B-B343-3039FD028A89}.Release|ARM.ActiveCfg = Release|Any CPU
		{177660A5-401C-403B-B343-3039FD028A89}.Release|Mixed Platforms.ActiveCfg = Release|Any CPU
		{177660A5-401C-403B-B343-3039FD028A89}.Release|Mixed Platforms.Build.0 = Release|Any CPU
		{177660A5-401C-403B-B343-3039FD028A89}.Release|x64.ActiveCfg = Release|Any CPU
		{177660A5-401C-403B-B343-3039FD028A89}.Release|x64.Build.0 = Release|Any CPU
		{177660A5-401C-403B-B343-3039FD028A89}.Release|x86.ActiveCfg = Release|Any CPU
		{177660A5-401C-403B-B343-3039FD028A89}.Release-Signed|Any CPU.ActiveCfg = Release|Any CPU
		{177660A5-401C-403B-B343-3039FD028A89}.Release-Signed|ARM.ActiveCfg = Release|Any CPU
		{177660A5-401C-403B-B343-3039FD028A89}.Release-Signed|Mixed Platforms.ActiveCfg = Release|Any CPU
		{177660A5-401C-403B-B343-3039FD028A89}.Release-Signed|x64.ActiveCfg = Release|Any CPU
		{177660A5-401C-403B-B343-3039FD028A89}.Release-Signed|x86.ActiveCfg = Release|Any CPU
		{5EC06B8D-EA5F-4311-A183-8CD5BB5D4E68}.Debug|Any CPU.ActiveCfg = Debug|Any CPU
		{5EC06B8D-EA5F-4311-A183-8CD5BB5D4E68}.Debug|Any CPU.Build.0 = Debug|Any CPU
		{5EC06B8D-EA5F-4311-A183-8CD5BB5D4E68}.Debug|ARM.ActiveCfg = Debug|Any CPU
		{5EC06B8D-EA5F-4311-A183-8CD5BB5D4E68}.Debug|Mixed Platforms.ActiveCfg = Debug|Any CPU
		{5EC06B8D-EA5F-4311-A183-8CD5BB5D4E68}.Debug|Mixed Platforms.Build.0 = Debug|Any CPU
		{5EC06B8D-EA5F-4311-A183-8CD5BB5D4E68}.Debug|x64.ActiveCfg = Debug|Any CPU
		{5EC06B8D-EA5F-4311-A183-8CD5BB5D4E68}.Debug|x64.Build.0 = Debug|Any CPU
		{5EC06B8D-EA5F-4311-A183-8CD5BB5D4E68}.Debug|x86.ActiveCfg = Debug|Any CPU
		{5EC06B8D-EA5F-4311-A183-8CD5BB5D4E68}.Release|Any CPU.ActiveCfg = Release|Any CPU
		{5EC06B8D-EA5F-4311-A183-8CD5BB5D4E68}.Release|Any CPU.Build.0 = Release|Any CPU
		{5EC06B8D-EA5F-4311-A183-8CD5BB5D4E68}.Release|ARM.ActiveCfg = Release|Any CPU
		{5EC06B8D-EA5F-4311-A183-8CD5BB5D4E68}.Release|Mixed Platforms.ActiveCfg = Release|Any CPU
		{5EC06B8D-EA5F-4311-A183-8CD5BB5D4E68}.Release|Mixed Platforms.Build.0 = Release|Any CPU
		{5EC06B8D-EA5F-4311-A183-8CD5BB5D4E68}.Release|x64.ActiveCfg = Release|Any CPU
		{5EC06B8D-EA5F-4311-A183-8CD5BB5D4E68}.Release|x86.ActiveCfg = Release|Any CPU
		{5EC06B8D-EA5F-4311-A183-8CD5BB5D4E68}.Release-Signed|Any CPU.ActiveCfg = Release|Any CPU
		{5EC06B8D-EA5F-4311-A183-8CD5BB5D4E68}.Release-Signed|ARM.ActiveCfg = Release|Any CPU
		{5EC06B8D-EA5F-4311-A183-8CD5BB5D4E68}.Release-Signed|Mixed Platforms.ActiveCfg = Release|Any CPU
		{5EC06B8D-EA5F-4311-A183-8CD5BB5D4E68}.Release-Signed|x64.ActiveCfg = Release|Any CPU
		{5EC06B8D-EA5F-4311-A183-8CD5BB5D4E68}.Release-Signed|x86.ActiveCfg = Release|Any CPU
		{25EF9700-0F3D-4321-9388-6215CC5FA139}.Debug|Any CPU.ActiveCfg = Debug|Any CPU
		{25EF9700-0F3D-4321-9388-6215CC5FA139}.Debug|Any CPU.Build.0 = Debug|Any CPU
		{25EF9700-0F3D-4321-9388-6215CC5FA139}.Debug|ARM.ActiveCfg = Debug|Any CPU
		{25EF9700-0F3D-4321-9388-6215CC5FA139}.Debug|Mixed Platforms.ActiveCfg = Debug|Any CPU
		{25EF9700-0F3D-4321-9388-6215CC5FA139}.Debug|Mixed Platforms.Build.0 = Debug|Any CPU
		{25EF9700-0F3D-4321-9388-6215CC5FA139}.Debug|x64.ActiveCfg = Debug|Any CPU
		{25EF9700-0F3D-4321-9388-6215CC5FA139}.Debug|x64.Build.0 = Debug|Any CPU
		{25EF9700-0F3D-4321-9388-6215CC5FA139}.Debug|x86.ActiveCfg = Debug|Any CPU
		{25EF9700-0F3D-4321-9388-6215CC5FA139}.Release|Any CPU.ActiveCfg = Release|Any CPU
		{25EF9700-0F3D-4321-9388-6215CC5FA139}.Release|Any CPU.Build.0 = Release|Any CPU
		{25EF9700-0F3D-4321-9388-6215CC5FA139}.Release|ARM.ActiveCfg = Release|Any CPU
		{25EF9700-0F3D-4321-9388-6215CC5FA139}.Release|Mixed Platforms.ActiveCfg = Release|Any CPU
		{25EF9700-0F3D-4321-9388-6215CC5FA139}.Release|Mixed Platforms.Build.0 = Release|Any CPU
		{25EF9700-0F3D-4321-9388-6215CC5FA139}.Release|x64.ActiveCfg = Release|Any CPU
		{25EF9700-0F3D-4321-9388-6215CC5FA139}.Release|x64.Build.0 = Release|Any CPU
		{25EF9700-0F3D-4321-9388-6215CC5FA139}.Release|x86.ActiveCfg = Release|Any CPU
		{25EF9700-0F3D-4321-9388-6215CC5FA139}.Release-Signed|Any CPU.ActiveCfg = Release|Any CPU
		{25EF9700-0F3D-4321-9388-6215CC5FA139}.Release-Signed|ARM.ActiveCfg = Release|Any CPU
		{25EF9700-0F3D-4321-9388-6215CC5FA139}.Release-Signed|Mixed Platforms.ActiveCfg = Release|Any CPU
		{25EF9700-0F3D-4321-9388-6215CC5FA139}.Release-Signed|x64.ActiveCfg = Release|Any CPU
		{25EF9700-0F3D-4321-9388-6215CC5FA139}.Release-Signed|x86.ActiveCfg = Release|Any CPU
		{E4DCDD79-A00C-43A4-9366-7A2583DCC5B8}.Debug|Any CPU.ActiveCfg = Debug|Any CPU
		{E4DCDD79-A00C-43A4-9366-7A2583DCC5B8}.Debug|Any CPU.Build.0 = Debug|Any CPU
		{E4DCDD79-A00C-43A4-9366-7A2583DCC5B8}.Debug|ARM.ActiveCfg = Debug|Any CPU
		{E4DCDD79-A00C-43A4-9366-7A2583DCC5B8}.Debug|Mixed Platforms.ActiveCfg = Debug|Any CPU
		{E4DCDD79-A00C-43A4-9366-7A2583DCC5B8}.Debug|Mixed Platforms.Build.0 = Debug|Any CPU
		{E4DCDD79-A00C-43A4-9366-7A2583DCC5B8}.Debug|x64.ActiveCfg = Debug|Any CPU
		{E4DCDD79-A00C-43A4-9366-7A2583DCC5B8}.Debug|x64.Build.0 = Debug|Any CPU
		{E4DCDD79-A00C-43A4-9366-7A2583DCC5B8}.Debug|x86.ActiveCfg = Debug|Any CPU
		{E4DCDD79-A00C-43A4-9366-7A2583DCC5B8}.Release|Any CPU.ActiveCfg = Release|Any CPU
		{E4DCDD79-A00C-43A4-9366-7A2583DCC5B8}.Release|Any CPU.Build.0 = Release|Any CPU
		{E4DCDD79-A00C-43A4-9366-7A2583DCC5B8}.Release|ARM.ActiveCfg = Release|Any CPU
		{E4DCDD79-A00C-43A4-9366-7A2583DCC5B8}.Release|Mixed Platforms.ActiveCfg = Release|Any CPU
		{E4DCDD79-A00C-43A4-9366-7A2583DCC5B8}.Release|Mixed Platforms.Build.0 = Release|Any CPU
		{E4DCDD79-A00C-43A4-9366-7A2583DCC5B8}.Release|x64.ActiveCfg = Release|Any CPU
		{E4DCDD79-A00C-43A4-9366-7A2583DCC5B8}.Release|x64.Build.0 = Release|Any CPU
		{E4DCDD79-A00C-43A4-9366-7A2583DCC5B8}.Release|x86.ActiveCfg = Release|Any CPU
		{E4DCDD79-A00C-43A4-9366-7A2583DCC5B8}.Release-Signed|Any CPU.ActiveCfg = Release|Any CPU
		{E4DCDD79-A00C-43A4-9366-7A2583DCC5B8}.Release-Signed|ARM.ActiveCfg = Release|Any CPU
		{E4DCDD79-A00C-43A4-9366-7A2583DCC5B8}.Release-Signed|Mixed Platforms.ActiveCfg = Release|Any CPU
		{E4DCDD79-A00C-43A4-9366-7A2583DCC5B8}.Release-Signed|x64.ActiveCfg = Release|Any CPU
		{E4DCDD79-A00C-43A4-9366-7A2583DCC5B8}.Release-Signed|x86.ActiveCfg = Release|Any CPU
		{67413BEC-A0C1-4523-8F38-2FA8D787CF22}.Debug|Any CPU.ActiveCfg = Debug|Any CPU
		{67413BEC-A0C1-4523-8F38-2FA8D787CF22}.Debug|Any CPU.Build.0 = Debug|Any CPU
		{67413BEC-A0C1-4523-8F38-2FA8D787CF22}.Debug|ARM.ActiveCfg = Debug|Any CPU
		{67413BEC-A0C1-4523-8F38-2FA8D787CF22}.Debug|Mixed Platforms.ActiveCfg = Debug|Any CPU
		{67413BEC-A0C1-4523-8F38-2FA8D787CF22}.Debug|Mixed Platforms.Build.0 = Debug|Any CPU
		{67413BEC-A0C1-4523-8F38-2FA8D787CF22}.Debug|x64.ActiveCfg = Debug|Any CPU
		{67413BEC-A0C1-4523-8F38-2FA8D787CF22}.Debug|x64.Build.0 = Debug|Any CPU
		{67413BEC-A0C1-4523-8F38-2FA8D787CF22}.Debug|x86.ActiveCfg = Debug|Any CPU
		{67413BEC-A0C1-4523-8F38-2FA8D787CF22}.Release|Any CPU.ActiveCfg = Release|Any CPU
		{67413BEC-A0C1-4523-8F38-2FA8D787CF22}.Release|Any CPU.Build.0 = Release|Any CPU
		{67413BEC-A0C1-4523-8F38-2FA8D787CF22}.Release|ARM.ActiveCfg = Release|Any CPU
		{67413BEC-A0C1-4523-8F38-2FA8D787CF22}.Release|Mixed Platforms.ActiveCfg = Release|Any CPU
		{67413BEC-A0C1-4523-8F38-2FA8D787CF22}.Release|Mixed Platforms.Build.0 = Release|Any CPU
		{67413BEC-A0C1-4523-8F38-2FA8D787CF22}.Release|x64.ActiveCfg = Release|Any CPU
		{67413BEC-A0C1-4523-8F38-2FA8D787CF22}.Release|x64.Build.0 = Release|Any CPU
		{67413BEC-A0C1-4523-8F38-2FA8D787CF22}.Release|x86.ActiveCfg = Release|Any CPU
		{67413BEC-A0C1-4523-8F38-2FA8D787CF22}.Release-Signed|Any CPU.ActiveCfg = Release|Any CPU
		{67413BEC-A0C1-4523-8F38-2FA8D787CF22}.Release-Signed|Any CPU.Build.0 = Release|Any CPU
		{67413BEC-A0C1-4523-8F38-2FA8D787CF22}.Release-Signed|ARM.ActiveCfg = Release|Any CPU
		{67413BEC-A0C1-4523-8F38-2FA8D787CF22}.Release-Signed|Mixed Platforms.ActiveCfg = Release|Any CPU
		{67413BEC-A0C1-4523-8F38-2FA8D787CF22}.Release-Signed|Mixed Platforms.Build.0 = Release|Any CPU
		{67413BEC-A0C1-4523-8F38-2FA8D787CF22}.Release-Signed|x64.ActiveCfg = Release|Any CPU
		{67413BEC-A0C1-4523-8F38-2FA8D787CF22}.Release-Signed|x86.ActiveCfg = Release|Any CPU
		{D7165270-A7A8-4C3F-ABA6-CC127F74F4ED}.Debug|Any CPU.ActiveCfg = Debug|Any CPU
		{D7165270-A7A8-4C3F-ABA6-CC127F74F4ED}.Debug|Any CPU.Build.0 = Debug|Any CPU
		{D7165270-A7A8-4C3F-ABA6-CC127F74F4ED}.Debug|ARM.ActiveCfg = Debug|Any CPU
		{D7165270-A7A8-4C3F-ABA6-CC127F74F4ED}.Debug|Mixed Platforms.ActiveCfg = Debug|Any CPU
		{D7165270-A7A8-4C3F-ABA6-CC127F74F4ED}.Debug|Mixed Platforms.Build.0 = Debug|Any CPU
		{D7165270-A7A8-4C3F-ABA6-CC127F74F4ED}.Debug|x64.ActiveCfg = Debug|Any CPU
		{D7165270-A7A8-4C3F-ABA6-CC127F74F4ED}.Debug|x64.Build.0 = Debug|Any CPU
		{D7165270-A7A8-4C3F-ABA6-CC127F74F4ED}.Debug|x86.ActiveCfg = Debug|Any CPU
		{D7165270-A7A8-4C3F-ABA6-CC127F74F4ED}.Release|Any CPU.ActiveCfg = Release|Any CPU
		{D7165270-A7A8-4C3F-ABA6-CC127F74F4ED}.Release|Any CPU.Build.0 = Release|Any CPU
		{D7165270-A7A8-4C3F-ABA6-CC127F74F4ED}.Release|ARM.ActiveCfg = Release|Any CPU
		{D7165270-A7A8-4C3F-ABA6-CC127F74F4ED}.Release|Mixed Platforms.ActiveCfg = Release|Any CPU
		{D7165270-A7A8-4C3F-ABA6-CC127F74F4ED}.Release|Mixed Platforms.Build.0 = Release|Any CPU
		{D7165270-A7A8-4C3F-ABA6-CC127F74F4ED}.Release|x64.ActiveCfg = Release|Any CPU
		{D7165270-A7A8-4C3F-ABA6-CC127F74F4ED}.Release|x64.Build.0 = Release|Any CPU
		{D7165270-A7A8-4C3F-ABA6-CC127F74F4ED}.Release|x86.ActiveCfg = Release|Any CPU
		{D7165270-A7A8-4C3F-ABA6-CC127F74F4ED}.Release-Signed|Any CPU.ActiveCfg = Release|Any CPU
		{D7165270-A7A8-4C3F-ABA6-CC127F74F4ED}.Release-Signed|Any CPU.Build.0 = Release|Any CPU
		{D7165270-A7A8-4C3F-ABA6-CC127F74F4ED}.Release-Signed|ARM.ActiveCfg = Release|Any CPU
		{D7165270-A7A8-4C3F-ABA6-CC127F74F4ED}.Release-Signed|Mixed Platforms.ActiveCfg = Release|Any CPU
		{D7165270-A7A8-4C3F-ABA6-CC127F74F4ED}.Release-Signed|Mixed Platforms.Build.0 = Release|Any CPU
		{D7165270-A7A8-4C3F-ABA6-CC127F74F4ED}.Release-Signed|x64.ActiveCfg = Release|Any CPU
		{D7165270-A7A8-4C3F-ABA6-CC127F74F4ED}.Release-Signed|x86.ActiveCfg = Release|Any CPU
		{2E7B28A9-F49B-494F-9E6B-1C2E69156239}.Debug|Any CPU.ActiveCfg = Debug|Any CPU
		{2E7B28A9-F49B-494F-9E6B-1C2E69156239}.Debug|Any CPU.Build.0 = Debug|Any CPU
		{2E7B28A9-F49B-494F-9E6B-1C2E69156239}.Debug|ARM.ActiveCfg = Debug|Any CPU
		{2E7B28A9-F49B-494F-9E6B-1C2E69156239}.Debug|Mixed Platforms.ActiveCfg = Debug|Any CPU
		{2E7B28A9-F49B-494F-9E6B-1C2E69156239}.Debug|Mixed Platforms.Build.0 = Debug|Any CPU
		{2E7B28A9-F49B-494F-9E6B-1C2E69156239}.Debug|x64.ActiveCfg = Debug|Any CPU
		{2E7B28A9-F49B-494F-9E6B-1C2E69156239}.Debug|x64.Build.0 = Debug|Any CPU
		{2E7B28A9-F49B-494F-9E6B-1C2E69156239}.Debug|x86.ActiveCfg = Debug|Any CPU
		{2E7B28A9-F49B-494F-9E6B-1C2E69156239}.Release|Any CPU.ActiveCfg = Release|Any CPU
		{2E7B28A9-F49B-494F-9E6B-1C2E69156239}.Release|Any CPU.Build.0 = Release|Any CPU
		{2E7B28A9-F49B-494F-9E6B-1C2E69156239}.Release|ARM.ActiveCfg = Release|Any CPU
		{2E7B28A9-F49B-494F-9E6B-1C2E69156239}.Release|Mixed Platforms.ActiveCfg = Release|Any CPU
		{2E7B28A9-F49B-494F-9E6B-1C2E69156239}.Release|Mixed Platforms.Build.0 = Release|Any CPU
		{2E7B28A9-F49B-494F-9E6B-1C2E69156239}.Release|x64.ActiveCfg = Release|Any CPU
		{2E7B28A9-F49B-494F-9E6B-1C2E69156239}.Release|x64.Build.0 = Release|Any CPU
		{2E7B28A9-F49B-494F-9E6B-1C2E69156239}.Release|x86.ActiveCfg = Release|Any CPU
		{2E7B28A9-F49B-494F-9E6B-1C2E69156239}.Release-Signed|Any CPU.ActiveCfg = Release|Any CPU
		{2E7B28A9-F49B-494F-9E6B-1C2E69156239}.Release-Signed|Any CPU.Build.0 = Release|Any CPU
		{2E7B28A9-F49B-494F-9E6B-1C2E69156239}.Release-Signed|ARM.ActiveCfg = Release|Any CPU
		{2E7B28A9-F49B-494F-9E6B-1C2E69156239}.Release-Signed|Mixed Platforms.ActiveCfg = Release|Any CPU
		{2E7B28A9-F49B-494F-9E6B-1C2E69156239}.Release-Signed|Mixed Platforms.Build.0 = Release|Any CPU
		{2E7B28A9-F49B-494F-9E6B-1C2E69156239}.Release-Signed|x64.ActiveCfg = Release|Any CPU
		{2E7B28A9-F49B-494F-9E6B-1C2E69156239}.Release-Signed|x86.ActiveCfg = Release|Any CPU
		{9A10E24D-0522-4CFD-9C14-72B3FDD26ECB}.Debug|Any CPU.ActiveCfg = Debug|Any CPU
		{9A10E24D-0522-4CFD-9C14-72B3FDD26ECB}.Debug|Any CPU.Build.0 = Debug|Any CPU
		{9A10E24D-0522-4CFD-9C14-72B3FDD26ECB}.Debug|ARM.ActiveCfg = Debug|Any CPU
		{9A10E24D-0522-4CFD-9C14-72B3FDD26ECB}.Debug|Mixed Platforms.ActiveCfg = Debug|Any CPU
		{9A10E24D-0522-4CFD-9C14-72B3FDD26ECB}.Debug|Mixed Platforms.Build.0 = Debug|Any CPU
		{9A10E24D-0522-4CFD-9C14-72B3FDD26ECB}.Debug|x64.ActiveCfg = Debug|Any CPU
		{9A10E24D-0522-4CFD-9C14-72B3FDD26ECB}.Debug|x64.Build.0 = Debug|Any CPU
		{9A10E24D-0522-4CFD-9C14-72B3FDD26ECB}.Debug|x86.ActiveCfg = Debug|Any CPU
		{9A10E24D-0522-4CFD-9C14-72B3FDD26ECB}.Release|Any CPU.ActiveCfg = Release|Any CPU
		{9A10E24D-0522-4CFD-9C14-72B3FDD26ECB}.Release|Any CPU.Build.0 = Release|Any CPU
		{9A10E24D-0522-4CFD-9C14-72B3FDD26ECB}.Release|ARM.ActiveCfg = Release|Any CPU
		{9A10E24D-0522-4CFD-9C14-72B3FDD26ECB}.Release|Mixed Platforms.ActiveCfg = Release|Any CPU
		{9A10E24D-0522-4CFD-9C14-72B3FDD26ECB}.Release|Mixed Platforms.Build.0 = Release|Any CPU
		{9A10E24D-0522-4CFD-9C14-72B3FDD26ECB}.Release|x64.ActiveCfg = Release|Any CPU
		{9A10E24D-0522-4CFD-9C14-72B3FDD26ECB}.Release|x64.Build.0 = Release|Any CPU
		{9A10E24D-0522-4CFD-9C14-72B3FDD26ECB}.Release|x86.ActiveCfg = Release|Any CPU
		{9A10E24D-0522-4CFD-9C14-72B3FDD26ECB}.Release-Signed|Any CPU.ActiveCfg = Release|Any CPU
		{9A10E24D-0522-4CFD-9C14-72B3FDD26ECB}.Release-Signed|Any CPU.Build.0 = Release|Any CPU
		{9A10E24D-0522-4CFD-9C14-72B3FDD26ECB}.Release-Signed|ARM.ActiveCfg = Release|Any CPU
		{9A10E24D-0522-4CFD-9C14-72B3FDD26ECB}.Release-Signed|Mixed Platforms.ActiveCfg = Release|Any CPU
		{9A10E24D-0522-4CFD-9C14-72B3FDD26ECB}.Release-Signed|Mixed Platforms.Build.0 = Release|Any CPU
		{9A10E24D-0522-4CFD-9C14-72B3FDD26ECB}.Release-Signed|x64.ActiveCfg = Release|Any CPU
		{9A10E24D-0522-4CFD-9C14-72B3FDD26ECB}.Release-Signed|x86.ActiveCfg = Release|Any CPU
		{14B8525F-38AE-4C76-86FF-67641B20A116}.Debug|Any CPU.ActiveCfg = Debug|Any CPU
		{14B8525F-38AE-4C76-86FF-67641B20A116}.Debug|Any CPU.Build.0 = Debug|Any CPU
		{14B8525F-38AE-4C76-86FF-67641B20A116}.Debug|ARM.ActiveCfg = Debug|Any CPU
		{14B8525F-38AE-4C76-86FF-67641B20A116}.Debug|ARM.Build.0 = Debug|Any CPU
		{14B8525F-38AE-4C76-86FF-67641B20A116}.Debug|Mixed Platforms.ActiveCfg = Debug|Any CPU
		{14B8525F-38AE-4C76-86FF-67641B20A116}.Debug|Mixed Platforms.Build.0 = Debug|Any CPU
		{14B8525F-38AE-4C76-86FF-67641B20A116}.Debug|x64.ActiveCfg = Debug|Any CPU
		{14B8525F-38AE-4C76-86FF-67641B20A116}.Debug|x64.Build.0 = Debug|Any CPU
		{14B8525F-38AE-4C76-86FF-67641B20A116}.Debug|x86.ActiveCfg = Debug|Any CPU
		{14B8525F-38AE-4C76-86FF-67641B20A116}.Debug|x86.Build.0 = Debug|Any CPU
		{14B8525F-38AE-4C76-86FF-67641B20A116}.Release|Any CPU.ActiveCfg = Release|Any CPU
		{14B8525F-38AE-4C76-86FF-67641B20A116}.Release|Any CPU.Build.0 = Release|Any CPU
		{14B8525F-38AE-4C76-86FF-67641B20A116}.Release|ARM.ActiveCfg = Release|Any CPU
		{14B8525F-38AE-4C76-86FF-67641B20A116}.Release|ARM.Build.0 = Release|Any CPU
		{14B8525F-38AE-4C76-86FF-67641B20A116}.Release|Mixed Platforms.ActiveCfg = Release|Any CPU
		{14B8525F-38AE-4C76-86FF-67641B20A116}.Release|Mixed Platforms.Build.0 = Release|Any CPU
		{14B8525F-38AE-4C76-86FF-67641B20A116}.Release|x64.ActiveCfg = Release|Any CPU
		{14B8525F-38AE-4C76-86FF-67641B20A116}.Release|x86.ActiveCfg = Release|Any CPU
		{14B8525F-38AE-4C76-86FF-67641B20A116}.Release|x86.Build.0 = Release|Any CPU
		{14B8525F-38AE-4C76-86FF-67641B20A116}.Release-Signed|Any CPU.ActiveCfg = Release|Any CPU
		{14B8525F-38AE-4C76-86FF-67641B20A116}.Release-Signed|Any CPU.Build.0 = Release|Any CPU
		{14B8525F-38AE-4C76-86FF-67641B20A116}.Release-Signed|ARM.ActiveCfg = Release|Any CPU
		{14B8525F-38AE-4C76-86FF-67641B20A116}.Release-Signed|ARM.Build.0 = Release|Any CPU
		{14B8525F-38AE-4C76-86FF-67641B20A116}.Release-Signed|Mixed Platforms.ActiveCfg = Release|Any CPU
		{14B8525F-38AE-4C76-86FF-67641B20A116}.Release-Signed|Mixed Platforms.Build.0 = Release|Any CPU
		{14B8525F-38AE-4C76-86FF-67641B20A116}.Release-Signed|x64.ActiveCfg = Release|Any CPU
		{14B8525F-38AE-4C76-86FF-67641B20A116}.Release-Signed|x64.Build.0 = Release|Any CPU
		{14B8525F-38AE-4C76-86FF-67641B20A116}.Release-Signed|x86.ActiveCfg = Release|Any CPU
		{14B8525F-38AE-4C76-86FF-67641B20A116}.Release-Signed|x86.Build.0 = Release|Any CPU
		{A73E77F6-3104-48B4-94A3-00355C16411A}.Debug|Any CPU.ActiveCfg = Debug|Any CPU
		{A73E77F6-3104-48B4-94A3-00355C16411A}.Debug|Any CPU.Build.0 = Debug|Any CPU
		{A73E77F6-3104-48B4-94A3-00355C16411A}.Debug|ARM.ActiveCfg = Debug|Any CPU
		{A73E77F6-3104-48B4-94A3-00355C16411A}.Debug|ARM.Build.0 = Debug|Any CPU
		{A73E77F6-3104-48B4-94A3-00355C16411A}.Debug|Mixed Platforms.ActiveCfg = Debug|Any CPU
		{A73E77F6-3104-48B4-94A3-00355C16411A}.Debug|Mixed Platforms.Build.0 = Debug|Any CPU
		{A73E77F6-3104-48B4-94A3-00355C16411A}.Debug|x64.ActiveCfg = Debug|Any CPU
		{A73E77F6-3104-48B4-94A3-00355C16411A}.Debug|x64.Build.0 = Debug|Any CPU
		{A73E77F6-3104-48B4-94A3-00355C16411A}.Debug|x86.ActiveCfg = Debug|Any CPU
		{A73E77F6-3104-48B4-94A3-00355C16411A}.Debug|x86.Build.0 = Debug|Any CPU
		{A73E77F6-3104-48B4-94A3-00355C16411A}.Release|Any CPU.ActiveCfg = Release|Any CPU
		{A73E77F6-3104-48B4-94A3-00355C16411A}.Release|Any CPU.Build.0 = Release|Any CPU
		{A73E77F6-3104-48B4-94A3-00355C16411A}.Release|ARM.ActiveCfg = Release|Any CPU
		{A73E77F6-3104-48B4-94A3-00355C16411A}.Release|ARM.Build.0 = Release|Any CPU
		{A73E77F6-3104-48B4-94A3-00355C16411A}.Release|Mixed Platforms.ActiveCfg = Release|Any CPU
		{A73E77F6-3104-48B4-94A3-00355C16411A}.Release|Mixed Platforms.Build.0 = Release|Any CPU
		{A73E77F6-3104-48B4-94A3-00355C16411A}.Release|x64.ActiveCfg = Release|Any CPU
		{A73E77F6-3104-48B4-94A3-00355C16411A}.Release|x64.Build.0 = Release|Any CPU
		{A73E77F6-3104-48B4-94A3-00355C16411A}.Release|x86.ActiveCfg = Release|Any CPU
		{A73E77F6-3104-48B4-94A3-00355C16411A}.Release|x86.Build.0 = Release|Any CPU
		{A73E77F6-3104-48B4-94A3-00355C16411A}.Release-Signed|Any CPU.ActiveCfg = Release|Any CPU
		{A73E77F6-3104-48B4-94A3-00355C16411A}.Release-Signed|Any CPU.Build.0 = Release|Any CPU
		{A73E77F6-3104-48B4-94A3-00355C16411A}.Release-Signed|ARM.ActiveCfg = Release|Any CPU
		{A73E77F6-3104-48B4-94A3-00355C16411A}.Release-Signed|ARM.Build.0 = Release|Any CPU
		{A73E77F6-3104-48B4-94A3-00355C16411A}.Release-Signed|Mixed Platforms.ActiveCfg = Release|Any CPU
		{A73E77F6-3104-48B4-94A3-00355C16411A}.Release-Signed|Mixed Platforms.Build.0 = Release|Any CPU
		{A73E77F6-3104-48B4-94A3-00355C16411A}.Release-Signed|x64.ActiveCfg = Release|Any CPU
		{A73E77F6-3104-48B4-94A3-00355C16411A}.Release-Signed|x64.Build.0 = Release|Any CPU
		{A73E77F6-3104-48B4-94A3-00355C16411A}.Release-Signed|x86.ActiveCfg = Release|Any CPU
		{A73E77F6-3104-48B4-94A3-00355C16411A}.Release-Signed|x86.Build.0 = Release|Any CPU
		{014DF920-27F9-41CD-BD25-86202A051C57}.Debug|Any CPU.ActiveCfg = Debug|Any CPU
		{014DF920-27F9-41CD-BD25-86202A051C57}.Debug|Any CPU.Build.0 = Debug|Any CPU
		{014DF920-27F9-41CD-BD25-86202A051C57}.Debug|ARM.ActiveCfg = Debug|Any CPU
		{014DF920-27F9-41CD-BD25-86202A051C57}.Debug|ARM.Build.0 = Debug|Any CPU
		{014DF920-27F9-41CD-BD25-86202A051C57}.Debug|Mixed Platforms.ActiveCfg = Debug|Any CPU
		{014DF920-27F9-41CD-BD25-86202A051C57}.Debug|Mixed Platforms.Build.0 = Debug|Any CPU
		{014DF920-27F9-41CD-BD25-86202A051C57}.Debug|x64.ActiveCfg = Debug|Any CPU
		{014DF920-27F9-41CD-BD25-86202A051C57}.Debug|x64.Build.0 = Debug|Any CPU
		{014DF920-27F9-41CD-BD25-86202A051C57}.Debug|x86.ActiveCfg = Debug|Any CPU
		{014DF920-27F9-41CD-BD25-86202A051C57}.Debug|x86.Build.0 = Debug|Any CPU
		{014DF920-27F9-41CD-BD25-86202A051C57}.Release|Any CPU.ActiveCfg = Release|Any CPU
		{014DF920-27F9-41CD-BD25-86202A051C57}.Release|Any CPU.Build.0 = Release|Any CPU
		{014DF920-27F9-41CD-BD25-86202A051C57}.Release|ARM.ActiveCfg = Release|Any CPU
		{014DF920-27F9-41CD-BD25-86202A051C57}.Release|ARM.Build.0 = Release|Any CPU
		{014DF920-27F9-41CD-BD25-86202A051C57}.Release|Mixed Platforms.ActiveCfg = Release|Any CPU
		{014DF920-27F9-41CD-BD25-86202A051C57}.Release|Mixed Platforms.Build.0 = Release|Any CPU
		{014DF920-27F9-41CD-BD25-86202A051C57}.Release|x64.ActiveCfg = Release|Any CPU
		{014DF920-27F9-41CD-BD25-86202A051C57}.Release|x86.ActiveCfg = Release|Any CPU
		{014DF920-27F9-41CD-BD25-86202A051C57}.Release|x86.Build.0 = Release|Any CPU
		{014DF920-27F9-41CD-BD25-86202A051C57}.Release-Signed|Any CPU.ActiveCfg = Release|Any CPU
		{014DF920-27F9-41CD-BD25-86202A051C57}.Release-Signed|Any CPU.Build.0 = Release|Any CPU
		{014DF920-27F9-41CD-BD25-86202A051C57}.Release-Signed|ARM.ActiveCfg = Release|Any CPU
		{014DF920-27F9-41CD-BD25-86202A051C57}.Release-Signed|ARM.Build.0 = Release|Any CPU
		{014DF920-27F9-41CD-BD25-86202A051C57}.Release-Signed|Mixed Platforms.ActiveCfg = Release|Any CPU
		{014DF920-27F9-41CD-BD25-86202A051C57}.Release-Signed|Mixed Platforms.Build.0 = Release|Any CPU
		{014DF920-27F9-41CD-BD25-86202A051C57}.Release-Signed|x64.ActiveCfg = Release|Any CPU
		{014DF920-27F9-41CD-BD25-86202A051C57}.Release-Signed|x64.Build.0 = Release|Any CPU
		{014DF920-27F9-41CD-BD25-86202A051C57}.Release-Signed|x86.ActiveCfg = Release|Any CPU
		{014DF920-27F9-41CD-BD25-86202A051C57}.Release-Signed|x86.Build.0 = Release|Any CPU
		{1A3768F2-D4CA-4ECA-89B3-EDF5C8EA752C}.Debug|Any CPU.ActiveCfg = Debug|Any CPU
		{1A3768F2-D4CA-4ECA-89B3-EDF5C8EA752C}.Debug|Any CPU.Build.0 = Debug|Any CPU
		{1A3768F2-D4CA-4ECA-89B3-EDF5C8EA752C}.Debug|ARM.ActiveCfg = Debug|Any CPU
		{1A3768F2-D4CA-4ECA-89B3-EDF5C8EA752C}.Debug|ARM.Build.0 = Debug|Any CPU
		{1A3768F2-D4CA-4ECA-89B3-EDF5C8EA752C}.Debug|Mixed Platforms.ActiveCfg = Debug|Any CPU
		{1A3768F2-D4CA-4ECA-89B3-EDF5C8EA752C}.Debug|Mixed Platforms.Build.0 = Debug|Any CPU
		{1A3768F2-D4CA-4ECA-89B3-EDF5C8EA752C}.Debug|x64.ActiveCfg = Debug|Any CPU
		{1A3768F2-D4CA-4ECA-89B3-EDF5C8EA752C}.Debug|x64.Build.0 = Debug|Any CPU
		{1A3768F2-D4CA-4ECA-89B3-EDF5C8EA752C}.Debug|x86.ActiveCfg = Debug|Any CPU
		{1A3768F2-D4CA-4ECA-89B3-EDF5C8EA752C}.Debug|x86.Build.0 = Debug|Any CPU
		{1A3768F2-D4CA-4ECA-89B3-EDF5C8EA752C}.Release|Any CPU.ActiveCfg = Release|Any CPU
		{1A3768F2-D4CA-4ECA-89B3-EDF5C8EA752C}.Release|Any CPU.Build.0 = Release|Any CPU
		{1A3768F2-D4CA-4ECA-89B3-EDF5C8EA752C}.Release|ARM.ActiveCfg = Release|Any CPU
		{1A3768F2-D4CA-4ECA-89B3-EDF5C8EA752C}.Release|ARM.Build.0 = Release|Any CPU
		{1A3768F2-D4CA-4ECA-89B3-EDF5C8EA752C}.Release|Mixed Platforms.ActiveCfg = Release|Any CPU
		{1A3768F2-D4CA-4ECA-89B3-EDF5C8EA752C}.Release|Mixed Platforms.Build.0 = Release|Any CPU
		{1A3768F2-D4CA-4ECA-89B3-EDF5C8EA752C}.Release|x64.ActiveCfg = Release|Any CPU
		{1A3768F2-D4CA-4ECA-89B3-EDF5C8EA752C}.Release|x64.Build.0 = Release|Any CPU
		{1A3768F2-D4CA-4ECA-89B3-EDF5C8EA752C}.Release|x86.ActiveCfg = Release|Any CPU
		{1A3768F2-D4CA-4ECA-89B3-EDF5C8EA752C}.Release|x86.Build.0 = Release|Any CPU
		{1A3768F2-D4CA-4ECA-89B3-EDF5C8EA752C}.Release-Signed|Any CPU.ActiveCfg = Release|Any CPU
		{1A3768F2-D4CA-4ECA-89B3-EDF5C8EA752C}.Release-Signed|Any CPU.Build.0 = Release|Any CPU
		{1A3768F2-D4CA-4ECA-89B3-EDF5C8EA752C}.Release-Signed|ARM.ActiveCfg = Release|Any CPU
		{1A3768F2-D4CA-4ECA-89B3-EDF5C8EA752C}.Release-Signed|ARM.Build.0 = Release|Any CPU
		{1A3768F2-D4CA-4ECA-89B3-EDF5C8EA752C}.Release-Signed|Mixed Platforms.ActiveCfg = Release|Any CPU
		{1A3768F2-D4CA-4ECA-89B3-EDF5C8EA752C}.Release-Signed|Mixed Platforms.Build.0 = Release|Any CPU
		{1A3768F2-D4CA-4ECA-89B3-EDF5C8EA752C}.Release-Signed|x64.ActiveCfg = Release|Any CPU
		{1A3768F2-D4CA-4ECA-89B3-EDF5C8EA752C}.Release-Signed|x64.Build.0 = Release|Any CPU
		{1A3768F2-D4CA-4ECA-89B3-EDF5C8EA752C}.Release-Signed|x86.ActiveCfg = Release|Any CPU
		{1A3768F2-D4CA-4ECA-89B3-EDF5C8EA752C}.Release-Signed|x86.Build.0 = Release|Any CPU
	EndGlobalSection
	GlobalSection(SolutionProperties) = preSolution
		HideSolutionNode = FALSE
	EndGlobalSection
	GlobalSection(NestedProjects) = preSolution
		{D9400AE4-B7A3-4342-A112-7C8FFDDB07C4} = {A9C8536E-29F9-412C-9F40-97792713BBB3}
		{0EE3BB7D-FAD1-40EE-B41E-87C7BB71DE45} = {5A46335B-2027-4930-B412-BC3D8445511E}
		{7DCBBB96-146A-416E-AAC8-AD32D54BE596} = {5A46335B-2027-4930-B412-BC3D8445511E}
		{C141B1A3-50AD-429E-8D37-445FA2AA9E55} = {37EC7D07-3463-4892-9008-F569289F1A97}
		{FD7645B4-79F7-4F80-8BB5-D78991907DC6} = {5A46335B-2027-4930-B412-BC3D8445511E}
		{177660A5-401C-403B-B343-3039FD028A89} = {5A46335B-2027-4930-B412-BC3D8445511E}
		{5EC06B8D-EA5F-4311-A183-8CD5BB5D4E68} = {37EC7D07-3463-4892-9008-F569289F1A97}
		{25EF9700-0F3D-4321-9388-6215CC5FA139} = {5A46335B-2027-4930-B412-BC3D8445511E}
		{E4DCDD79-A00C-43A4-9366-7A2583DCC5B8} = {5A46335B-2027-4930-B412-BC3D8445511E}
		{67413BEC-A0C1-4523-8F38-2FA8D787CF22} = {5A46335B-2027-4930-B412-BC3D8445511E}
		{333A5489-BB60-4A3B-85E4-EC8A32981048} = {5A46335B-2027-4930-B412-BC3D8445511E}
		{D7165270-A7A8-4C3F-ABA6-CC127F74F4ED} = {333A5489-BB60-4A3B-85E4-EC8A32981048}
		{2E7B28A9-F49B-494F-9E6B-1C2E69156239} = {333A5489-BB60-4A3B-85E4-EC8A32981048}
		{9A10E24D-0522-4CFD-9C14-72B3FDD26ECB} = {333A5489-BB60-4A3B-85E4-EC8A32981048}
		{14B8525F-38AE-4C76-86FF-67641B20A116} = {37EC7D07-3463-4892-9008-F569289F1A97}
		{A73E77F6-3104-48B4-94A3-00355C16411A} = {333A5489-BB60-4A3B-85E4-EC8A32981048}
		{014DF920-27F9-41CD-BD25-86202A051C57} = {37EC7D07-3463-4892-9008-F569289F1A97}
		{1A3768F2-D4CA-4ECA-89B3-EDF5C8EA752C} = {333A5489-BB60-4A3B-85E4-EC8A32981048}
		{BEABBBE4-98FC-4534-9E2A-E9B86684FAC6} = {A9C8536E-29F9-412C-9F40-97792713BBB3}
		{54F79B5B-DD70-4FEC-A7CC-3269583CCD9B} = {A9C8536E-29F9-412C-9F40-97792713BBB3}
	EndGlobalSection
EndGlobal
