
Microsoft Visual Studio Solution File, Format Version 12.00
# Visual Studio 14
VisualStudioVersion = 14.0.22512.0
MinimumVisualStudioVersion = 10.0.40219.1
Project("{2150E333-8FDC-42A3-9474-1A3956D46DE8}") = "DoubanFM.Tests", "DoubanFM.Tests", "{37EC7D07-3463-4892-9008-F569289F1A97}"
EndProject
Project("{2150E333-8FDC-42A3-9474-1A3956D46DE8}") = "DoubanFM.Universal", "DoubanFM.Universal", "{22F16BDA-1F56-40E9-81A3-D2F661C38597}"
EndProject
Project("{D954291E-2A0B-460D-934E-DC6B0785DB48}") = "DoubanFM.Universal.Shared", "DoubanFM.Universal\DoubanFM.Universal.Shared\DoubanFM.Universal.Shared.shproj", "{468AC502-BA4E-4BA7-A256-35F207BBCEF1}"
EndProject
Project("{FAE04EC0-301F-11D3-BF4B-00C04F79EFBC}") = "DoubanFM.Universal.Windows", "DoubanFM.Universal\DoubanFM.Universal.Windows\DoubanFM.Universal.Windows.csproj", "{49B36331-C87E-4338-8114-F1BBA5FAF793}"
EndProject
Project("{FAE04EC0-301F-11D3-BF4B-00C04F79EFBC}") = "DoubanFM.Universal.WindowsPhone", "DoubanFM.Universal\DoubanFM.Universal.WindowsPhone\DoubanFM.Universal.WindowsPhone.csproj", "{7BFBCAFA-BBF4-44BA-9219-5A99F5CEB281}"
EndProject
Project("{FAE04EC0-301F-11D3-BF4B-00C04F79EFBC}") = "SoundVisualizationLib.Universal", "SoundVisualizationLib.Universal\SoundVisualizationLib.Universal.csproj", "{B42B8D27-4CFD-4BAF-8AD2-E44C7F007EA8}"
EndProject
Project("{FAE04EC0-301F-11D3-BF4B-00C04F79EFBC}") = "DoubanFM.Universal.APIs", "DoubanFM.Universal.APIs\DoubanFM.Universal.APIs.csproj", "{3EFAEF23-B75B-471C-9E94-A76A293B1234}"
EndProject
Project("{FAE04EC0-301F-11D3-BF4B-00C04F79EFBC}") = "NAudio.Universal", "NAudio.Universal\NAudio.Universal.csproj", "{002BCC4B-593F-49B8-BEE7-49BF49EC40D6}"
EndProject
Project("{FAE04EC0-301F-11D3-BF4B-00C04F79EFBC}") = "DoubanFM.Universal.API.Tests", "DoubanFM.Universal.API.Tests\DoubanFM.Universal.API.Tests.csproj", "{679A066D-4178-4951-82F3-4D5EB64D79FC}"
EndProject
Project("{FAE04EC0-301F-11D3-BF4B-00C04F79EFBC}") = "DoubanFM.Universal.RestSharp", "DoubanFM.Universal.RestSharp\DoubanFM.Universal.RestSharp.csproj", "{6C441BF9-68DC-421B-A63B-C21A73E41E27}"
EndProject
Global
	GlobalSection(SharedMSBuildProjectFiles) = preSolution
		DoubanFM.Universal\DoubanFM.Universal.Shared\DoubanFM.Universal.Shared.projitems*{7bfbcafa-bbf4-44ba-9219-5a99f5ceb281}*SharedItemsImports = 4
		DoubanFM.Universal\DoubanFM.Universal.Shared\DoubanFM.Universal.Shared.projitems*{468ac502-ba4e-4ba7-a256-35f207bbcef1}*SharedItemsImports = 13
		DoubanFM.Universal\DoubanFM.Universal.Shared\DoubanFM.Universal.Shared.projitems*{49b36331-c87e-4338-8114-f1bba5faf793}*SharedItemsImports = 4
	EndGlobalSection
	GlobalSection(SolutionConfigurationPlatforms) = preSolution
		Debug|Any CPU = Debug|Any CPU
		Debug|ARM = Debug|ARM
		Debug|Mixed Platforms = Debug|Mixed Platforms
		Debug|x64 = Debug|x64
		Debug|x86 = Debug|x86
		Release|Any CPU = Release|Any CPU
		Release|ARM = Release|ARM
		Release|Mixed Platforms = Release|Mixed Platforms
		Release|x64 = Release|x64
		Release|x86 = Release|x86
		Release-Signed|Any CPU = Release-Signed|Any CPU
		Release-Signed|ARM = Release-Signed|ARM
		Release-Signed|Mixed Platforms = Release-Signed|Mixed Platforms
		Release-Signed|x64 = Release-Signed|x64
		Release-Signed|x86 = Release-Signed|x86
	EndGlobalSection
	GlobalSection(ProjectConfigurationPlatforms) = postSolution
		{49B36331-C87E-4338-8114-F1BBA5FAF793}.Debug|Any CPU.ActiveCfg = Debug|Any CPU
		{49B36331-C87E-4338-8114-F1BBA5FAF793}.Debug|Any CPU.Build.0 = Debug|Any CPU
		{49B36331-C87E-4338-8114-F1BBA5FAF793}.Debug|Any CPU.Deploy.0 = Debug|Any CPU
		{49B36331-C87E-4338-8114-F1BBA5FAF793}.Debug|ARM.ActiveCfg = Debug|ARM
		{49B36331-C87E-4338-8114-F1BBA5FAF793}.Debug|ARM.Build.0 = Debug|ARM
		{49B36331-C87E-4338-8114-F1BBA5FAF793}.Debug|ARM.Deploy.0 = Debug|ARM
		{49B36331-C87E-4338-8114-F1BBA5FAF793}.Debug|Mixed Platforms.ActiveCfg = Debug|x86
		{49B36331-C87E-4338-8114-F1BBA5FAF793}.Debug|Mixed Platforms.Build.0 = Debug|x86
		{49B36331-C87E-4338-8114-F1BBA5FAF793}.Debug|Mixed Platforms.Deploy.0 = Debug|x86
		{49B36331-C87E-4338-8114-F1BBA5FAF793}.Debug|x64.ActiveCfg = Debug|x64
		{49B36331-C87E-4338-8114-F1BBA5FAF793}.Debug|x64.Build.0 = Debug|x64
		{49B36331-C87E-4338-8114-F1BBA5FAF793}.Debug|x64.Deploy.0 = Debug|x64
		{49B36331-C87E-4338-8114-F1BBA5FAF793}.Debug|x86.ActiveCfg = Debug|x86
		{49B36331-C87E-4338-8114-F1BBA5FAF793}.Debug|x86.Build.0 = Debug|x86
		{49B36331-C87E-4338-8114-F1BBA5FAF793}.Debug|x86.Deploy.0 = Debug|x86
		{49B36331-C87E-4338-8114-F1BBA5FAF793}.Release|Any CPU.ActiveCfg = Release|Any CPU
		{49B36331-C87E-4338-8114-F1BBA5FAF793}.Release|Any CPU.Build.0 = Release|Any CPU
		{49B36331-C87E-4338-8114-F1BBA5FAF793}.Release|Any CPU.Deploy.0 = Release|Any CPU
		{49B36331-C87E-4338-8114-F1BBA5FAF793}.Release|ARM.ActiveCfg = Release|ARM
		{49B36331-C87E-4338-8114-F1BBA5FAF793}.Release|ARM.Build.0 = Release|ARM
		{49B36331-C87E-4338-8114-F1BBA5FAF793}.Release|ARM.Deploy.0 = Release|ARM
		{49B36331-C87E-4338-8114-F1BBA5FAF793}.Release|Mixed Platforms.ActiveCfg = Release|x86
		{49B36331-C87E-4338-8114-F1BBA5FAF793}.Release|Mixed Platforms.Build.0 = Release|x86
		{49B36331-C87E-4338-8114-F1BBA5FAF793}.Release|Mixed Platforms.Deploy.0 = Release|x86
		{49B36331-C87E-4338-8114-F1BBA5FAF793}.Release|x64.ActiveCfg = Release|x64
		{49B36331-C87E-4338-8114-F1BBA5FAF793}.Release|x64.Build.0 = Release|x64
		{49B36331-C87E-4338-8114-F1BBA5FAF793}.Release|x64.Deploy.0 = Release|x64
		{49B36331-C87E-4338-8114-F1BBA5FAF793}.Release|x86.ActiveCfg = Release|x86
		{49B36331-C87E-4338-8114-F1BBA5FAF793}.Release|x86.Build.0 = Release|x86
		{49B36331-C87E-4338-8114-F1BBA5FAF793}.Release|x86.Deploy.0 = Release|x86
		{49B36331-C87E-4338-8114-F1BBA5FAF793}.Release-Signed|Any CPU.ActiveCfg = Release|Any CPU
		{49B36331-C87E-4338-8114-F1BBA5FAF793}.Release-Signed|Any CPU.Build.0 = Release|Any CPU
		{49B36331-C87E-4338-8114-F1BBA5FAF793}.Release-Signed|Any CPU.Deploy.0 = Release|Any CPU
		{49B36331-C87E-4338-8114-F1BBA5FAF793}.Release-Signed|ARM.ActiveCfg = Release|ARM
		{49B36331-C87E-4338-8114-F1BBA5FAF793}.Release-Signed|ARM.Build.0 = Release|ARM
		{49B36331-C87E-4338-8114-F1BBA5FAF793}.Release-Signed|ARM.Deploy.0 = Release|ARM
		{49B36331-C87E-4338-8114-F1BBA5FAF793}.Release-Signed|Mixed Platforms.ActiveCfg = Release|x86
		{49B36331-C87E-4338-8114-F1BBA5FAF793}.Release-Signed|Mixed Platforms.Build.0 = Release|x86
		{49B36331-C87E-4338-8114-F1BBA5FAF793}.Release-Signed|Mixed Platforms.Deploy.0 = Release|x86
		{49B36331-C87E-4338-8114-F1BBA5FAF793}.Release-Signed|x64.ActiveCfg = Release|x64
		{49B36331-C87E-4338-8114-F1BBA5FAF793}.Release-Signed|x64.Build.0 = Release|x64
		{49B36331-C87E-4338-8114-F1BBA5FAF793}.Release-Signed|x64.Deploy.0 = Release|x64
		{49B36331-C87E-4338-8114-F1BBA5FAF793}.Release-Signed|x86.ActiveCfg = Release|x86
		{49B36331-C87E-4338-8114-F1BBA5FAF793}.Release-Signed|x86.Build.0 = Release|x86
		{49B36331-C87E-4338-8114-F1BBA5FAF793}.Release-Signed|x86.Deploy.0 = Release|x86
		{7BFBCAFA-BBF4-44BA-9219-5A99F5CEB281}.Debug|Any CPU.ActiveCfg = Debug|Any CPU
		{7BFBCAFA-BBF4-44BA-9219-5A99F5CEB281}.Debug|Any CPU.Build.0 = Debug|Any CPU
		{7BFBCAFA-BBF4-44BA-9219-5A99F5CEB281}.Debug|Any CPU.Deploy.0 = Debug|Any CPU
		{7BFBCAFA-BBF4-44BA-9219-5A99F5CEB281}.Debug|ARM.ActiveCfg = Debug|ARM
		{7BFBCAFA-BBF4-44BA-9219-5A99F5CEB281}.Debug|ARM.Build.0 = Debug|ARM
		{7BFBCAFA-BBF4-44BA-9219-5A99F5CEB281}.Debug|ARM.Deploy.0 = Debug|ARM
		{7BFBCAFA-BBF4-44BA-9219-5A99F5CEB281}.Debug|Mixed Platforms.ActiveCfg = Debug|x86
		{7BFBCAFA-BBF4-44BA-9219-5A99F5CEB281}.Debug|Mixed Platforms.Build.0 = Debug|x86
		{7BFBCAFA-BBF4-44BA-9219-5A99F5CEB281}.Debug|Mixed Platforms.Deploy.0 = Debug|x86
		{7BFBCAFA-BBF4-44BA-9219-5A99F5CEB281}.Debug|x64.ActiveCfg = Debug|Any CPU
		{7BFBCAFA-BBF4-44BA-9219-5A99F5CEB281}.Debug|x64.Build.0 = Debug|Any CPU
		{7BFBCAFA-BBF4-44BA-9219-5A99F5CEB281}.Debug|x64.Deploy.0 = Debug|Any CPU
		{7BFBCAFA-BBF4-44BA-9219-5A99F5CEB281}.Debug|x86.ActiveCfg = Debug|x86
		{7BFBCAFA-BBF4-44BA-9219-5A99F5CEB281}.Debug|x86.Build.0 = Debug|x86
		{7BFBCAFA-BBF4-44BA-9219-5A99F5CEB281}.Debug|x86.Deploy.0 = Debug|x86
		{7BFBCAFA-BBF4-44BA-9219-5A99F5CEB281}.Release|Any CPU.ActiveCfg = Release|Any CPU
		{7BFBCAFA-BBF4-44BA-9219-5A99F5CEB281}.Release|Any CPU.Build.0 = Release|Any CPU
		{7BFBCAFA-BBF4-44BA-9219-5A99F5CEB281}.Release|Any CPU.Deploy.0 = Release|Any CPU
		{7BFBCAFA-BBF4-44BA-9219-5A99F5CEB281}.Release|ARM.ActiveCfg = Release|ARM
		{7BFBCAFA-BBF4-44BA-9219-5A99F5CEB281}.Release|ARM.Build.0 = Release|ARM
		{7BFBCAFA-BBF4-44BA-9219-5A99F5CEB281}.Release|ARM.Deploy.0 = Release|ARM
		{7BFBCAFA-BBF4-44BA-9219-5A99F5CEB281}.Release|Mixed Platforms.ActiveCfg = Release|x86
		{7BFBCAFA-BBF4-44BA-9219-5A99F5CEB281}.Release|Mixed Platforms.Build.0 = Release|x86
		{7BFBCAFA-BBF4-44BA-9219-5A99F5CEB281}.Release|Mixed Platforms.Deploy.0 = Release|x86
		{7BFBCAFA-BBF4-44BA-9219-5A99F5CEB281}.Release|x64.ActiveCfg = Release|Any CPU
		{7BFBCAFA-BBF4-44BA-9219-5A99F5CEB281}.Release|x64.Build.0 = Release|Any CPU
		{7BFBCAFA-BBF4-44BA-9219-5A99F5CEB281}.Release|x64.Deploy.0 = Release|Any CPU
		{7BFBCAFA-BBF4-44BA-9219-5A99F5CEB281}.Release|x86.ActiveCfg = Release|x86
		{7BFBCAFA-BBF4-44BA-9219-5A99F5CEB281}.Release|x86.Build.0 = Release|x86
		{7BFBCAFA-BBF4-44BA-9219-5A99F5CEB281}.Release|x86.Deploy.0 = Release|x86
		{7BFBCAFA-BBF4-44BA-9219-5A99F5CEB281}.Release-Signed|Any CPU.ActiveCfg = Release|Any CPU
		{7BFBCAFA-BBF4-44BA-9219-5A99F5CEB281}.Release-Signed|Any CPU.Build.0 = Release|Any CPU
		{7BFBCAFA-BBF4-44BA-9219-5A99F5CEB281}.Release-Signed|Any CPU.Deploy.0 = Release|Any CPU
		{7BFBCAFA-BBF4-44BA-9219-5A99F5CEB281}.Release-Signed|ARM.ActiveCfg = Release|ARM
		{7BFBCAFA-BBF4-44BA-9219-5A99F5CEB281}.Release-Signed|ARM.Build.0 = Release|ARM
		{7BFBCAFA-BBF4-44BA-9219-5A99F5CEB281}.Release-Signed|ARM.Deploy.0 = Release|ARM
		{7BFBCAFA-BBF4-44BA-9219-5A99F5CEB281}.Release-Signed|Mixed Platforms.ActiveCfg = Release|x86
		{7BFBCAFA-BBF4-44BA-9219-5A99F5CEB281}.Release-Signed|Mixed Platforms.Build.0 = Release|x86
		{7BFBCAFA-BBF4-44BA-9219-5A99F5CEB281}.Release-Signed|Mixed Platforms.Deploy.0 = Release|x86
		{7BFBCAFA-BBF4-44BA-9219-5A99F5CEB281}.Release-Signed|x64.ActiveCfg = Release|Any CPU
		{7BFBCAFA-BBF4-44BA-9219-5A99F5CEB281}.Release-Signed|x64.Build.0 = Release|Any CPU
		{7BFBCAFA-BBF4-44BA-9219-5A99F5CEB281}.Release-Signed|x64.Deploy.0 = Release|Any CPU
		{7BFBCAFA-BBF4-44BA-9219-5A99F5CEB281}.Release-Signed|x86.ActiveCfg = Release|x86
		{7BFBCAFA-BBF4-44BA-9219-5A99F5CEB281}.Release-Signed|x86.Build.0 = Release|x86
		{7BFBCAFA-BBF4-44BA-9219-5A99F5CEB281}.Release-Signed|x86.Deploy.0 = Release|x86
		{B42B8D27-4CFD-4BAF-8AD2-E44C7F007EA8}.Debug|Any CPU.ActiveCfg = Debug|Any CPU
		{B42B8D27-4CFD-4BAF-8AD2-E44C7F007EA8}.Debug|Any CPU.Build.0 = Debug|Any CPU
		{B42B8D27-4CFD-4BAF-8AD2-E44C7F007EA8}.Debug|ARM.ActiveCfg = Debug|Any CPU
		{B42B8D27-4CFD-4BAF-8AD2-E44C7F007EA8}.Debug|ARM.Build.0 = Debug|Any CPU
		{B42B8D27-4CFD-4BAF-8AD2-E44C7F007EA8}.Debug|Mixed Platforms.ActiveCfg = Debug|Any CPU
		{B42B8D27-4CFD-4BAF-8AD2-E44C7F007EA8}.Debug|Mixed Platforms.Build.0 = Debug|Any CPU
		{B42B8D27-4CFD-4BAF-8AD2-E44C7F007EA8}.Debug|x64.ActiveCfg = Debug|Any CPU
		{B42B8D27-4CFD-4BAF-8AD2-E44C7F007EA8}.Debug|x64.Build.0 = Debug|Any CPU
		{B42B8D27-4CFD-4BAF-8AD2-E44C7F007EA8}.Debug|x86.ActiveCfg = Debug|Any CPU
		{B42B8D27-4CFD-4BAF-8AD2-E44C7F007EA8}.Debug|x86.Build.0 = Debug|Any CPU
		{B42B8D27-4CFD-4BAF-8AD2-E44C7F007EA8}.Release|Any CPU.ActiveCfg = Release|Any CPU
		{B42B8D27-4CFD-4BAF-8AD2-E44C7F007EA8}.Release|Any CPU.Build.0 = Release|Any CPU
		{B42B8D27-4CFD-4BAF-8AD2-E44C7F007EA8}.Release|ARM.ActiveCfg = Release|Any CPU
		{B42B8D27-4CFD-4BAF-8AD2-E44C7F007EA8}.Release|ARM.Build.0 = Release|Any CPU
		{B42B8D27-4CFD-4BAF-8AD2-E44C7F007EA8}.Release|Mixed Platforms.ActiveCfg = Release|Any CPU
		{B42B8D27-4CFD-4BAF-8AD2-E44C7F007EA8}.Release|Mixed Platforms.Build.0 = Release|Any CPU
		{B42B8D27-4CFD-4BAF-8AD2-E44C7F007EA8}.Release|x64.ActiveCfg = Release|Any CPU
		{B42B8D27-4CFD-4BAF-8AD2-E44C7F007EA8}.Release|x64.Build.0 = Release|Any CPU
		{B42B8D27-4CFD-4BAF-8AD2-E44C7F007EA8}.Release|x86.ActiveCfg = Release|Any CPU
		{B42B8D27-4CFD-4BAF-8AD2-E44C7F007EA8}.Release|x86.Build.0 = Release|Any CPU
		{B42B8D27-4CFD-4BAF-8AD2-E44C7F007EA8}.Release-Signed|Any CPU.ActiveCfg = Release|Any CPU
		{B42B8D27-4CFD-4BAF-8AD2-E44C7F007EA8}.Release-Signed|Any CPU.Build.0 = Release|Any CPU
		{B42B8D27-4CFD-4BAF-8AD2-E44C7F007EA8}.Release-Signed|ARM.ActiveCfg = Release|Any CPU
		{B42B8D27-4CFD-4BAF-8AD2-E44C7F007EA8}.Release-Signed|ARM.Build.0 = Release|Any CPU
		{B42B8D27-4CFD-4BAF-8AD2-E44C7F007EA8}.Release-Signed|Mixed Platforms.ActiveCfg = Release|Any CPU
		{B42B8D27-4CFD-4BAF-8AD2-E44C7F007EA8}.Release-Signed|Mixed Platforms.Build.0 = Release|Any CPU
		{B42B8D27-4CFD-4BAF-8AD2-E44C7F007EA8}.Release-Signed|x64.ActiveCfg = Release|Any CPU
		{B42B8D27-4CFD-4BAF-8AD2-E44C7F007EA8}.Release-Signed|x64.Build.0 = Release|Any CPU
		{B42B8D27-4CFD-4BAF-8AD2-E44C7F007EA8}.Release-Signed|x86.ActiveCfg = Release|Any CPU
		{B42B8D27-4CFD-4BAF-8AD2-E44C7F007EA8}.Release-Signed|x86.Build.0 = Release|Any CPU
		{3EFAEF23-B75B-471C-9E94-A76A293B1234}.Debug|Any CPU.ActiveCfg = Debug|Any CPU
		{3EFAEF23-B75B-471C-9E94-A76A293B1234}.Debug|Any CPU.Build.0 = Debug|Any CPU
		{3EFAEF23-B75B-471C-9E94-A76A293B1234}.Debug|ARM.ActiveCfg = Debug|Any CPU
		{3EFAEF23-B75B-471C-9E94-A76A293B1234}.Debug|ARM.Build.0 = Debug|Any CPU
		{3EFAEF23-B75B-471C-9E94-A76A293B1234}.Debug|Mixed Platforms.ActiveCfg = Debug|Any CPU
		{3EFAEF23-B75B-471C-9E94-A76A293B1234}.Debug|Mixed Platforms.Build.0 = Debug|Any CPU
		{3EFAEF23-B75B-471C-9E94-A76A293B1234}.Debug|x64.ActiveCfg = Debug|Any CPU
		{3EFAEF23-B75B-471C-9E94-A76A293B1234}.Debug|x64.Build.0 = Debug|Any CPU
		{3EFAEF23-B75B-471C-9E94-A76A293B1234}.Debug|x86.ActiveCfg = Debug|Any CPU
		{3EFAEF23-B75B-471C-9E94-A76A293B1234}.Debug|x86.Build.0 = Debug|Any CPU
		{3EFAEF23-B75B-471C-9E94-A76A293B1234}.Release|Any CPU.ActiveCfg = Release|Any CPU
		{3EFAEF23-B75B-471C-9E94-A76A293B1234}.Release|Any CPU.Build.0 = Release|Any CPU
		{3EFAEF23-B75B-471C-9E94-A76A293B1234}.Release|ARM.ActiveCfg = Release|Any CPU
		{3EFAEF23-B75B-471C-9E94-A76A293B1234}.Release|ARM.Build.0 = Release|Any CPU
		{3EFAEF23-B75B-471C-9E94-A76A293B1234}.Release|Mixed Platforms.ActiveCfg = Release|Any CPU
		{3EFAEF23-B75B-471C-9E94-A76A293B1234}.Release|Mixed Platforms.Build.0 = Release|Any CPU
		{3EFAEF23-B75B-471C-9E94-A76A293B1234}.Release|x64.ActiveCfg = Release|Any CPU
		{3EFAEF23-B75B-471C-9E94-A76A293B1234}.Release|x64.Build.0 = Release|Any CPU
		{3EFAEF23-B75B-471C-9E94-A76A293B1234}.Release|x86.ActiveCfg = Release|Any CPU
		{3EFAEF23-B75B-471C-9E94-A76A293B1234}.Release|x86.Build.0 = Release|Any CPU
		{3EFAEF23-B75B-471C-9E94-A76A293B1234}.Release-Signed|Any CPU.ActiveCfg = Release|Any CPU
		{3EFAEF23-B75B-471C-9E94-A76A293B1234}.Release-Signed|Any CPU.Build.0 = Release|Any CPU
		{3EFAEF23-B75B-471C-9E94-A76A293B1234}.Release-Signed|ARM.ActiveCfg = Release|Any CPU
		{3EFAEF23-B75B-471C-9E94-A76A293B1234}.Release-Signed|ARM.Build.0 = Release|Any CPU
		{3EFAEF23-B75B-471C-9E94-A76A293B1234}.Release-Signed|Mixed Platforms.ActiveCfg = Release|Any CPU
		{3EFAEF23-B75B-471C-9E94-A76A293B1234}.Release-Signed|Mixed Platforms.Build.0 = Release|Any CPU
		{3EFAEF23-B75B-471C-9E94-A76A293B1234}.Release-Signed|x64.ActiveCfg = Release|Any CPU
		{3EFAEF23-B75B-471C-9E94-A76A293B1234}.Release-Signed|x64.Build.0 = Release|Any CPU
		{3EFAEF23-B75B-471C-9E94-A76A293B1234}.Release-Signed|x86.ActiveCfg = Release|Any CPU
		{3EFAEF23-B75B-471C-9E94-A76A293B1234}.Release-Signed|x86.Build.0 = Release|Any CPU
		{002BCC4B-593F-49B8-BEE7-49BF49EC40D6}.Debug|Any CPU.ActiveCfg = Debug|Any CPU
		{002BCC4B-593F-49B8-BEE7-49BF49EC40D6}.Debug|Any CPU.Build.0 = Debug|Any CPU
		{002BCC4B-593F-49B8-BEE7-49BF49EC40D6}.Debug|ARM.ActiveCfg = Debug|Any CPU
		{002BCC4B-593F-49B8-BEE7-49BF49EC40D6}.Debug|ARM.Build.0 = Debug|Any CPU
		{002BCC4B-593F-49B8-BEE7-49BF49EC40D6}.Debug|Mixed Platforms.ActiveCfg = Debug|Any CPU
		{002BCC4B-593F-49B8-BEE7-49BF49EC40D6}.Debug|Mixed Platforms.Build.0 = Debug|Any CPU
		{002BCC4B-593F-49B8-BEE7-49BF49EC40D6}.Debug|x64.ActiveCfg = Debug|Any CPU
		{002BCC4B-593F-49B8-BEE7-49BF49EC40D6}.Debug|x64.Build.0 = Debug|Any CPU
		{002BCC4B-593F-49B8-BEE7-49BF49EC40D6}.Debug|x86.ActiveCfg = Debug|Any CPU
		{002BCC4B-593F-49B8-BEE7-49BF49EC40D6}.Debug|x86.Build.0 = Debug|Any CPU
		{002BCC4B-593F-49B8-BEE7-49BF49EC40D6}.Release|Any CPU.ActiveCfg = Release|Any CPU
		{002BCC4B-593F-49B8-BEE7-49BF49EC40D6}.Release|Any CPU.Build.0 = Release|Any CPU
		{002BCC4B-593F-49B8-BEE7-49BF49EC40D6}.Release|ARM.ActiveCfg = Release|Any CPU
		{002BCC4B-593F-49B8-BEE7-49BF49EC40D6}.Release|ARM.Build.0 = Release|Any CPU
		{002BCC4B-593F-49B8-BEE7-49BF49EC40D6}.Release|Mixed Platforms.ActiveCfg = Release|Any CPU
		{002BCC4B-593F-49B8-BEE7-49BF49EC40D6}.Release|Mixed Platforms.Build.0 = Release|Any CPU
		{002BCC4B-593F-49B8-BEE7-49BF49EC40D6}.Release|x64.ActiveCfg = Release|Any CPU
		{002BCC4B-593F-49B8-BEE7-49BF49EC40D6}.Release|x64.Build.0 = Release|Any CPU
		{002BCC4B-593F-49B8-BEE7-49BF49EC40D6}.Release|x86.ActiveCfg = Release|Any CPU
		{002BCC4B-593F-49B8-BEE7-49BF49EC40D6}.Release|x86.Build.0 = Release|Any CPU
		{002BCC4B-593F-49B8-BEE7-49BF49EC40D6}.Release-Signed|Any CPU.ActiveCfg = Release|Any CPU
		{002BCC4B-593F-49B8-BEE7-49BF49EC40D6}.Release-Signed|Any CPU.Build.0 = Release|Any CPU
		{002BCC4B-593F-49B8-BEE7-49BF49EC40D6}.Release-Signed|ARM.ActiveCfg = Release|Any CPU
		{002BCC4B-593F-49B8-BEE7-49BF49EC40D6}.Release-Signed|ARM.Build.0 = Release|Any CPU
		{002BCC4B-593F-49B8-BEE7-49BF49EC40D6}.Release-Signed|Mixed Platforms.ActiveCfg = Release|Any CPU
		{002BCC4B-593F-49B8-BEE7-49BF49EC40D6}.Release-Signed|Mixed Platforms.Build.0 = Release|Any CPU
		{002BCC4B-593F-49B8-BEE7-49BF49EC40D6}.Release-Signed|x64.ActiveCfg = Release|Any CPU
		{002BCC4B-593F-49B8-BEE7-49BF49EC40D6}.Release-Signed|x64.Build.0 = Release|Any CPU
		{002BCC4B-593F-49B8-BEE7-49BF49EC40D6}.Release-Signed|x86.ActiveCfg = Release|Any CPU
		{002BCC4B-593F-49B8-BEE7-49BF49EC40D6}.Release-Signed|x86.Build.0 = Release|Any CPU
		{679A066D-4178-4951-82F3-4D5EB64D79FC}.Debug|Any CPU.ActiveCfg = Debug|Any CPU
		{679A066D-4178-4951-82F3-4D5EB64D79FC}.Debug|Any CPU.Build.0 = Debug|Any CPU
		{679A066D-4178-4951-82F3-4D5EB64D79FC}.Debug|Any CPU.Deploy.0 = Debug|Any CPU
		{679A066D-4178-4951-82F3-4D5EB64D79FC}.Debug|ARM.ActiveCfg = Debug|ARM
		{679A066D-4178-4951-82F3-4D5EB64D79FC}.Debug|ARM.Build.0 = Debug|ARM
		{679A066D-4178-4951-82F3-4D5EB64D79FC}.Debug|ARM.Deploy.0 = Debug|ARM
		{679A066D-4178-4951-82F3-4D5EB64D79FC}.Debug|Mixed Platforms.ActiveCfg = Debug|x86
		{679A066D-4178-4951-82F3-4D5EB64D79FC}.Debug|Mixed Platforms.Build.0 = Debug|x86
		{679A066D-4178-4951-82F3-4D5EB64D79FC}.Debug|Mixed Platforms.Deploy.0 = Debug|x86
		{679A066D-4178-4951-82F3-4D5EB64D79FC}.Debug|x64.ActiveCfg = Debug|x64
		{679A066D-4178-4951-82F3-4D5EB64D79FC}.Debug|x64.Build.0 = Debug|x64
		{679A066D-4178-4951-82F3-4D5EB64D79FC}.Debug|x64.Deploy.0 = Debug|x64
		{679A066D-4178-4951-82F3-4D5EB64D79FC}.Debug|x86.ActiveCfg = Debug|x86
		{679A066D-4178-4951-82F3-4D5EB64D79FC}.Debug|x86.Build.0 = Debug|x86
		{679A066D-4178-4951-82F3-4D5EB64D79FC}.Debug|x86.Deploy.0 = Debug|x86
		{679A066D-4178-4951-82F3-4D5EB64D79FC}.Release|Any CPU.ActiveCfg = Release|Any CPU
		{679A066D-4178-4951-82F3-4D5EB64D79FC}.Release|Any CPU.Build.0 = Release|Any CPU
		{679A066D-4178-4951-82F3-4D5EB64D79FC}.Release|Any CPU.Deploy.0 = Release|Any CPU
		{679A066D-4178-4951-82F3-4D5EB64D79FC}.Release|ARM.ActiveCfg = Release|ARM
		{679A066D-4178-4951-82F3-4D5EB64D79FC}.Release|ARM.Build.0 = Release|ARM
		{679A066D-4178-4951-82F3-4D5EB64D79FC}.Release|ARM.Deploy.0 = Release|ARM
		{679A066D-4178-4951-82F3-4D5EB64D79FC}.Release|Mixed Platforms.ActiveCfg = Release|x86
		{679A066D-4178-4951-82F3-4D5EB64D79FC}.Release|Mixed Platforms.Build.0 = Release|x86
		{679A066D-4178-4951-82F3-4D5EB64D79FC}.Release|Mixed Platforms.Deploy.0 = Release|x86
		{679A066D-4178-4951-82F3-4D5EB64D79FC}.Release|x64.ActiveCfg = Release|x64
		{679A066D-4178-4951-82F3-4D5EB64D79FC}.Release|x64.Build.0 = Release|x64
		{679A066D-4178-4951-82F3-4D5EB64D79FC}.Release|x64.Deploy.0 = Release|x64
		{679A066D-4178-4951-82F3-4D5EB64D79FC}.Release|x86.ActiveCfg = Release|x86
		{679A066D-4178-4951-82F3-4D5EB64D79FC}.Release|x86.Build.0 = Release|x86
		{679A066D-4178-4951-82F3-4D5EB64D79FC}.Release|x86.Deploy.0 = Release|x86
		{679A066D-4178-4951-82F3-4D5EB64D79FC}.Release-Signed|Any CPU.ActiveCfg = Release|Any CPU
		{679A066D-4178-4951-82F3-4D5EB64D79FC}.Release-Signed|Any CPU.Build.0 = Release|Any CPU
		{679A066D-4178-4951-82F3-4D5EB64D79FC}.Release-Signed|Any CPU.Deploy.0 = Release|Any CPU
		{679A066D-4178-4951-82F3-4D5EB64D79FC}.Release-Signed|ARM.ActiveCfg = Release|ARM
		{679A066D-4178-4951-82F3-4D5EB64D79FC}.Release-Signed|ARM.Build.0 = Release|ARM
		{679A066D-4178-4951-82F3-4D5EB64D79FC}.Release-Signed|ARM.Deploy.0 = Release|ARM
		{679A066D-4178-4951-82F3-4D5EB64D79FC}.Release-Signed|Mixed Platforms.ActiveCfg = Release|x86
		{679A066D-4178-4951-82F3-4D5EB64D79FC}.Release-Signed|Mixed Platforms.Build.0 = Release|x86
		{679A066D-4178-4951-82F3-4D5EB64D79FC}.Release-Signed|Mixed Platforms.Deploy.0 = Release|x86
		{679A066D-4178-4951-82F3-4D5EB64D79FC}.Release-Signed|x64.ActiveCfg = Release|x64
		{679A066D-4178-4951-82F3-4D5EB64D79FC}.Release-Signed|x64.Build.0 = Release|x64
		{679A066D-4178-4951-82F3-4D5EB64D79FC}.Release-Signed|x64.Deploy.0 = Release|x64
		{679A066D-4178-4951-82F3-4D5EB64D79FC}.Release-Signed|x86.ActiveCfg = Release|x86
		{679A066D-4178-4951-82F3-4D5EB64D79FC}.Release-Signed|x86.Build.0 = Release|x86
		{679A066D-4178-4951-82F3-4D5EB64D79FC}.Release-Signed|x86.Deploy.0 = Release|x86
		{6C441BF9-68DC-421B-A63B-C21A73E41E27}.Debug|Any CPU.ActiveCfg = Debug|Any CPU
		{6C441BF9-68DC-421B-A63B-C21A73E41E27}.Debug|Any CPU.Build.0 = Debug|Any CPU
		{6C441BF9-68DC-421B-A63B-C21A73E41E27}.Debug|ARM.ActiveCfg = Debug|Any CPU
		{6C441BF9-68DC-421B-A63B-C21A73E41E27}.Debug|ARM.Build.0 = Debug|Any CPU
		{6C441BF9-68DC-421B-A63B-C21A73E41E27}.Debug|Mixed Platforms.ActiveCfg = Debug|Any CPU
		{6C441BF9-68DC-421B-A63B-C21A73E41E27}.Debug|Mixed Platforms.Build.0 = Debug|Any CPU
		{6C441BF9-68DC-421B-A63B-C21A73E41E27}.Debug|x64.ActiveCfg = Debug|Any CPU
		{6C441BF9-68DC-421B-A63B-C21A73E41E27}.Debug|x64.Build.0 = Debug|Any CPU
		{6C441BF9-68DC-421B-A63B-C21A73E41E27}.Debug|x86.ActiveCfg = Debug|Any CPU
		{6C441BF9-68DC-421B-A63B-C21A73E41E27}.Debug|x86.Build.0 = Debug|Any CPU
		{6C441BF9-68DC-421B-A63B-C21A73E41E27}.Release|Any CPU.ActiveCfg = Release|Any CPU
		{6C441BF9-68DC-421B-A63B-C21A73E41E27}.Release|Any CPU.Build.0 = Release|Any CPU
		{6C441BF9-68DC-421B-A63B-C21A73E41E27}.Release|ARM.ActiveCfg = Release|Any CPU
		{6C441BF9-68DC-421B-A63B-C21A73E41E27}.Release|ARM.Build.0 = Release|Any CPU
		{6C441BF9-68DC-421B-A63B-C21A73E41E27}.Release|Mixed Platforms.ActiveCfg = Release|Any CPU
		{6C441BF9-68DC-421B-A63B-C21A73E41E27}.Release|Mixed Platforms.Build.0 = Release|Any CPU
		{6C441BF9-68DC-421B-A63B-C21A73E41E27}.Release|x64.ActiveCfg = Release|Any CPU
		{6C441BF9-68DC-421B-A63B-C21A73E41E27}.Release|x64.Build.0 = Release|Any CPU
		{6C441BF9-68DC-421B-A63B-C21A73E41E27}.Release|x86.ActiveCfg = Release|Any CPU
		{6C441BF9-68DC-421B-A63B-C21A73E41E27}.Release|x86.Build.0 = Release|Any CPU
		{6C441BF9-68DC-421B-A63B-C21A73E41E27}.Release-Signed|Any CPU.ActiveCfg = Release|Any CPU
		{6C441BF9-68DC-421B-A63B-C21A73E41E27}.Release-Signed|Any CPU.Build.0 = Release|Any CPU
		{6C441BF9-68DC-421B-A63B-C21A73E41E27}.Release-Signed|ARM.ActiveCfg = Release|Any CPU
		{6C441BF9-68DC-421B-A63B-C21A73E41E27}.Release-Signed|ARM.Build.0 = Release|Any CPU
		{6C441BF9-68DC-421B-A63B-C21A73E41E27}.Release-Signed|Mixed Platforms.ActiveCfg = Release|Any CPU
		{6C441BF9-68DC-421B-A63B-C21A73E41E27}.Release-Signed|Mixed Platforms.Build.0 = Release|Any CPU
		{6C441BF9-68DC-421B-A63B-C21A73E41E27}.Release-Signed|x64.ActiveCfg = Release|Any CPU
		{6C441BF9-68DC-421B-A63B-C21A73E41E27}.Release-Signed|x64.Build.0 = Release|Any CPU
		{6C441BF9-68DC-421B-A63B-C21A73E41E27}.Release-Signed|x86.ActiveCfg = Release|Any CPU
		{6C441BF9-68DC-421B-A63B-C21A73E41E27}.Release-Signed|x86.Build.0 = Release|Any CPU
	EndGlobalSection
	GlobalSection(SolutionProperties) = preSolution
		HideSolutionNode = FALSE
	EndGlobalSection
	GlobalSection(NestedProjects) = preSolution
		{468AC502-BA4E-4BA7-A256-35F207BBCEF1} = {22F16BDA-1F56-40E9-81A3-D2F661C38597}
		{49B36331-C87E-4338-8114-F1BBA5FAF793} = {22F16BDA-1F56-40E9-81A3-D2F661C38597}
		{7BFBCAFA-BBF4-44BA-9219-5A99F5CEB281} = {22F16BDA-1F56-40E9-81A3-D2F661C38597}
		{B42B8D27-4CFD-4BAF-8AD2-E44C7F007EA8} = {22F16BDA-1F56-40E9-81A3-D2F661C38597}
		{3EFAEF23-B75B-471C-9E94-A76A293B1234} = {22F16BDA-1F56-40E9-81A3-D2F661C38597}
		{002BCC4B-593F-49B8-BEE7-49BF49EC40D6} = {22F16BDA-1F56-40E9-81A3-D2F661C38597}
		{679A066D-4178-4951-82F3-4D5EB64D79FC} = {37EC7D07-3463-4892-9008-F569289F1A97}
		{6C441BF9-68DC-421B-A63B-C21A73E41E27} = {22F16BDA-1F56-40E9-81A3-D2F661C38597}
	EndGlobalSection
EndGlobal
